// !$*UTF8*$!
{
	archiveVersion = 1;
	classes = {
	};
	objectVersion = 46;
	objects = {

/* Begin PBXBuildFile section */
		88133780189CFE7C002EEA08 /* DejalActivityView.m in Sources */ = {isa = PBXBuildFile; fileRef = 8813377F189CFE7C002EEA08 /* DejalActivityView.m */; };
		8813378E189D01C8002EEA08 /* NZAlertViewColor.m in Sources */ = {isa = PBXBuildFile; fileRef = 88133784189D01C8002EEA08 /* NZAlertViewColor.m */; };
		88133790189D01C8002EEA08 /* NZAlertView-Icons.bundle in Resources */ = {isa = PBXBuildFile; fileRef = 88133786189D01C8002EEA08 /* NZAlertView-Icons.bundle */; };
		88133791189D01C8002EEA08 /* NZAlertView.m in Sources */ = {isa = PBXBuildFile; fileRef = 88133788189D01C8002EEA08 /* NZAlertView.m */; };
		88133793189D01C8002EEA08 /* NZAlertView.xib in Resources */ = {isa = PBXBuildFile; fileRef = 8813378D189D01C8002EEA08 /* NZAlertView.xib */; };
		881337A0189D0331002EEA08 /* UIImage+Blur.m in Sources */ = {isa = PBXBuildFile; fileRef = 88133798189D0331002EEA08 /* UIImage+Blur.m */; };
		881337A1189D0331002EEA08 /* UIImage+ImageWithColor.m in Sources */ = {isa = PBXBuildFile; fileRef = 8813379A189D0331002EEA08 /* UIImage+ImageWithColor.m */; };
		881337A2189D0331002EEA08 /* UIImage+Screenshot.m in Sources */ = {isa = PBXBuildFile; fileRef = 8813379C189D0331002EEA08 /* UIImage+Screenshot.m */; };
		881337A5189D139F002EEA08 /* AlertHelper.m in Sources */ = {isa = PBXBuildFile; fileRef = 881337A4189D139F002EEA08 /* AlertHelper.m */; };
		881337A8189D14F4002EEA08 /* IdeaNearbyTableViewCell.m in Sources */ = {isa = PBXBuildFile; fileRef = 881337A7189D14F4002EEA08 /* IdeaNearbyTableViewCell.m */; };
		881337AB189DB711002EEA08 /* words.db in Resources */ = {isa = PBXBuildFile; fileRef = 881337AA189DB711002EEA08 /* words.db */; };
		881337AF189DC47B002EEA08 /* IdeaFountainViewController.m in Sources */ = {isa = PBXBuildFile; fileRef = 881337AE189DC47B002EEA08 /* IdeaFountainViewController.m */; };
		881337B2189DC48C002EEA08 /* IdeaFountainViewCell.m in Sources */ = {isa = PBXBuildFile; fileRef = 881337B1189DC48C002EEA08 /* IdeaFountainViewCell.m */; };
		881337B5189DC6C9002EEA08 /* IdeaFountainCollectionViewLayout.m in Sources */ = {isa = PBXBuildFile; fileRef = 881337B4189DC6C9002EEA08 /* IdeaFountainCollectionViewLayout.m */; };
		884B3A2D189B86B000CB00A6 /* PopModalSegue.m in Sources */ = {isa = PBXBuildFile; fileRef = 884B3A2A189B86B000CB00A6 /* PopModalSegue.m */; };
		884B3A2E189B86B000CB00A6 /* ResizeModelViewSegue.m in Sources */ = {isa = PBXBuildFile; fileRef = 884B3A2C189B86B000CB00A6 /* ResizeModelViewSegue.m */; };
		884B3A32189C83AA00CB00A6 /* Idea.m in Sources */ = {isa = PBXBuildFile; fileRef = 884B3A31189C83AA00CB00A6 /* Idea.m */; };
		884B3A35189C83F700CB00A6 /* IdeaComment.m in Sources */ = {isa = PBXBuildFile; fileRef = 884B3A34189C83F700CB00A6 /* IdeaComment.m */; };
		884B3A38189C840100CB00A6 /* IdeaCategory.m in Sources */ = {isa = PBXBuildFile; fileRef = 884B3A37189C840100CB00A6 /* IdeaCategory.m */; };
		884B3A3B189C841000CB00A6 /* IdeaUser.m in Sources */ = {isa = PBXBuildFile; fileRef = 884B3A3A189C841000CB00A6 /* IdeaUser.m */; };
		884B3A41189C85F800CB00A6 /* CoreLocation.framework in Frameworks */ = {isa = PBXBuildFile; fileRef = 884B3A40189C85F800CB00A6 /* CoreLocation.framework */; };
		884B3A43189C860200CB00A6 /* CFNetwork.framework in Frameworks */ = {isa = PBXBuildFile; fileRef = 884B3A42189C860200CB00A6 /* CFNetwork.framework */; };
		884B3A45189C860600CB00A6 /* CoreData.framework in Frameworks */ = {isa = PBXBuildFile; fileRef = 884B3A44189C860600CB00A6 /* CoreData.framework */; };
		884B3A48189C86E300CB00A6 /* GeoLocationManager.m in Sources */ = {isa = PBXBuildFile; fileRef = 884B3A47189C86E300CB00A6 /* GeoLocationManager.m */; };
		884B3A4B189C8C6000CB00A6 /* ServerAPI.m in Sources */ = {isa = PBXBuildFile; fileRef = 884B3A4A189C8C6000CB00A6 /* ServerAPI.m */; };
		884B3A62189C8DE700CB00A6 /* AFHTTPRequestOperation.m in Sources */ = {isa = PBXBuildFile; fileRef = 884B3A4E189C8DE700CB00A6 /* AFHTTPRequestOperation.m */; };
		884B3A63189C8DE700CB00A6 /* AFHTTPRequestOperationManager.m in Sources */ = {isa = PBXBuildFile; fileRef = 884B3A50189C8DE700CB00A6 /* AFHTTPRequestOperationManager.m */; };
		884B3A64189C8DE700CB00A6 /* AFHTTPSessionManager.m in Sources */ = {isa = PBXBuildFile; fileRef = 884B3A52189C8DE700CB00A6 /* AFHTTPSessionManager.m */; };
		884B3A65189C8DE700CB00A6 /* AFNetworkReachabilityManager.m in Sources */ = {isa = PBXBuildFile; fileRef = 884B3A55189C8DE700CB00A6 /* AFNetworkReachabilityManager.m */; };
		884B3A66189C8DE700CB00A6 /* AFSecurityPolicy.m in Sources */ = {isa = PBXBuildFile; fileRef = 884B3A57189C8DE700CB00A6 /* AFSecurityPolicy.m */; };
		884B3A67189C8DE700CB00A6 /* AFURLConnectionOperation.m in Sources */ = {isa = PBXBuildFile; fileRef = 884B3A59189C8DE700CB00A6 /* AFURLConnectionOperation.m */; };
		884B3A68189C8DE700CB00A6 /* AFURLRequestSerialization.m in Sources */ = {isa = PBXBuildFile; fileRef = 884B3A5B189C8DE700CB00A6 /* AFURLRequestSerialization.m */; };
		884B3A69189C8DE700CB00A6 /* AFURLResponseSerialization.m in Sources */ = {isa = PBXBuildFile; fileRef = 884B3A5D189C8DE700CB00A6 /* AFURLResponseSerialization.m */; };
		884B3A6A189C8DE700CB00A6 /* AFURLSessionManager.m in Sources */ = {isa = PBXBuildFile; fileRef = 884B3A5F189C8DE700CB00A6 /* AFURLSessionManager.m */; };
		884B3A6B189C8DE700CB00A6 /* LICENSE in Resources */ = {isa = PBXBuildFile; fileRef = 884B3A60189C8DE700CB00A6 /* LICENSE */; };
		884B3A6C189C8DE700CB00A6 /* README.md in Resources */ = {isa = PBXBuildFile; fileRef = 884B3A61189C8DE700CB00A6 /* README.md */; };
		884B3A6F189C932C00CB00A6 /* JSONSerialization.m in Sources */ = {isa = PBXBuildFile; fileRef = 884B3A6E189C932C00CB00A6 /* JSONSerialization.m */; };
		884B3A72189C9A9700CB00A6 /* UserManager.m in Sources */ = {isa = PBXBuildFile; fileRef = 884B3A71189C9A9700CB00A6 /* UserManager.m */; };
		884B3A75189C9E3000CB00A6 /* NSUserDefaults+DefaultValue.m in Sources */ = {isa = PBXBuildFile; fileRef = 884B3A74189C9E3000CB00A6 /* NSUserDefaults+DefaultValue.m */; };
		884B3A79189CA93700CB00A6 /* TestServerAPI.m in Sources */ = {isa = PBXBuildFile; fileRef = 884B3A78189CA93700CB00A6 /* TestServerAPI.m */; };
		887C9AD9189B598A008910C8 /* Foundation.framework in Frameworks */ = {isa = PBXBuildFile; fileRef = 887C9AD8189B598A008910C8 /* Foundation.framework */; };
		887C9ADB189B598A008910C8 /* CoreGraphics.framework in Frameworks */ = {isa = PBXBuildFile; fileRef = 887C9ADA189B598A008910C8 /* CoreGraphics.framework */; };
		887C9ADD189B598A008910C8 /* UIKit.framework in Frameworks */ = {isa = PBXBuildFile; fileRef = 887C9ADC189B598A008910C8 /* UIKit.framework */; };
		887C9AE3189B598A008910C8 /* InfoPlist.strings in Resources */ = {isa = PBXBuildFile; fileRef = 887C9AE1189B598A008910C8 /* InfoPlist.strings */; };
		887C9AE5189B598A008910C8 /* main.m in Sources */ = {isa = PBXBuildFile; fileRef = 887C9AE4189B598A008910C8 /* main.m */; };
		887C9AE9189B598A008910C8 /* AppDelegate.m in Sources */ = {isa = PBXBuildFile; fileRef = 887C9AE8189B598A008910C8 /* AppDelegate.m */; };
		887C9AEC189B598A008910C8 /* Main.storyboard in Resources */ = {isa = PBXBuildFile; fileRef = 887C9AEA189B598A008910C8 /* Main.storyboard */; };
		887C9AF2189B598A008910C8 /* IdeaViewController.m in Sources */ = {isa = PBXBuildFile; fileRef = 887C9AF1189B598A008910C8 /* IdeaViewController.m */; };
		887C9AF5189B598A008910C8 /* IdeaNearbyViewController.m in Sources */ = {isa = PBXBuildFile; fileRef = 887C9AF4189B598A008910C8 /* IdeaNearbyViewController.m */; };
		887C9AF7189B598A008910C8 /* Images.xcassets in Resources */ = {isa = PBXBuildFile; fileRef = 887C9AF6189B598A008910C8 /* Images.xcassets */; };
		887C9AFE189B598A008910C8 /* XCTest.framework in Frameworks */ = {isa = PBXBuildFile; fileRef = 887C9AFD189B598A008910C8 /* XCTest.framework */; };
		887C9AFF189B598A008910C8 /* Foundation.framework in Frameworks */ = {isa = PBXBuildFile; fileRef = 887C9AD8189B598A008910C8 /* Foundation.framework */; };
		887C9B00189B598A008910C8 /* UIKit.framework in Frameworks */ = {isa = PBXBuildFile; fileRef = 887C9ADC189B598A008910C8 /* UIKit.framework */; };
		887C9B15189B5AFA008910C8 /* UsersNearbyViewController.m in Sources */ = {isa = PBXBuildFile; fileRef = 887C9B14189B5AFA008910C8 /* UsersNearbyViewController.m */; };
		887C9B18189B5D51008910C8 /* SettingsViewController.m in Sources */ = {isa = PBXBuildFile; fileRef = 887C9B17189B5D51008910C8 /* SettingsViewController.m */; };
		887C9B1C189B5EDE008910C8 /* SWRevealViewController.m in Sources */ = {isa = PBXBuildFile; fileRef = 887C9B1B189B5EDE008910C8 /* SWRevealViewController.m */; };
		887C9B2C189B667A008910C8 /* SidebarViewController.m in Sources */ = {isa = PBXBuildFile; fileRef = 887C9B2B189B667A008910C8 /* SidebarViewController.m */; };
		88FF7855189CCE1F004366FA /* NewIdeaViewController.m in Sources */ = {isa = PBXBuildFile; fileRef = 88FF7854189CCE1F004366FA /* NewIdeaViewController.m */; };
		88FF785A189CDD4D004366FA /* IdeaManager.m in Sources */ = {isa = PBXBuildFile; fileRef = 88FF7859189CDD4D004366FA /* IdeaManager.m */; };
		88FF785D189CE727004366FA /* IdeaTableViewCell.m in Sources */ = {isa = PBXBuildFile; fileRef = 88FF785C189CE727004366FA /* IdeaTableViewCell.m */; };
		88FF7864189CECFF004366FA /* IdeaDetailViewController.m in Sources */ = {isa = PBXBuildFile; fileRef = 88FF7863189CECFF004366FA /* IdeaDetailViewController.m */; };
/* End PBXBuildFile section */

/* Begin PBXContainerItemProxy section */
		887C9B01189B598A008910C8 /* PBXContainerItemProxy */ = {
			isa = PBXContainerItemProxy;
			containerPortal = 887C9ACD189B5989008910C8 /* Project object */;
			proxyType = 1;
			remoteGlobalIDString = 887C9AD4189B5989008910C8;
			remoteInfo = IdeaBook;
		};
/* End PBXContainerItemProxy section */

/* Begin PBXFileReference section */
		84385F40189D910400C21742 /* icon1.PNG */ = {isa = PBXFileReference; lastKnownFileType = image.png; path = icon1.PNG; sourceTree = "<group>"; };
		84385F41189D910400C21742 /* icon2.PNG */ = {isa = PBXFileReference; lastKnownFileType = image.png; path = icon2.PNG; sourceTree = "<group>"; };
		84385F42189D910400C21742 /* icon3.PNG */ = {isa = PBXFileReference; lastKnownFileType = image.png; path = icon3.PNG; sourceTree = "<group>"; };
		84385F4B189DAA0D00C21742 /* splash copy.png */ = {isa = PBXFileReference; lastKnownFileType = image.png; path = "splash copy.png"; sourceTree = "<group>"; };
		84385F4D189DAA4D00C21742 /* splash copy 2 960.png */ = {isa = PBXFileReference; lastKnownFileType = image.png; path = "splash copy 2 960.png"; sourceTree = "<group>"; };
		8813377E189CFE7C002EEA08 /* DejalActivityView.h */ = {isa = PBXFileReference; fileEncoding = 4; lastKnownFileType = sourcecode.c.h; path = DejalActivityView.h; sourceTree = "<group>"; };
		8813377F189CFE7C002EEA08 /* DejalActivityView.m */ = {isa = PBXFileReference; fileEncoding = 4; lastKnownFileType = sourcecode.c.objc; path = DejalActivityView.m; sourceTree = "<group>"; };
		88133783189D01C8002EEA08 /* NZAlertViewColor.h */ = {isa = PBXFileReference; fileEncoding = 4; lastKnownFileType = sourcecode.c.h; path = NZAlertViewColor.h; sourceTree = "<group>"; };
		88133784189D01C8002EEA08 /* NZAlertViewColor.m */ = {isa = PBXFileReference; fileEncoding = 4; lastKnownFileType = sourcecode.c.objc; path = NZAlertViewColor.m; sourceTree = "<group>"; };
		88133786189D01C8002EEA08 /* NZAlertView-Icons.bundle */ = {isa = PBXFileReference; lastKnownFileType = "wrapper.plug-in"; path = "NZAlertView-Icons.bundle"; sourceTree = "<group>"; };
		88133787189D01C8002EEA08 /* NZAlertView.h */ = {isa = PBXFileReference; fileEncoding = 4; lastKnownFileType = sourcecode.c.h; path = NZAlertView.h; sourceTree = "<group>"; };
		88133788189D01C8002EEA08 /* NZAlertView.m */ = {isa = PBXFileReference; fileEncoding = 4; lastKnownFileType = sourcecode.c.objc; path = NZAlertView.m; sourceTree = "<group>"; };
		8813378A189D01C8002EEA08 /* NZAlertViewDelegate.h */ = {isa = PBXFileReference; fileEncoding = 4; lastKnownFileType = sourcecode.c.h; path = NZAlertViewDelegate.h; sourceTree = "<group>"; };
		8813378D189D01C8002EEA08 /* NZAlertView.xib */ = {isa = PBXFileReference; fileEncoding = 4; lastKnownFileType = file.xib; path = NZAlertView.xib; sourceTree = "<group>"; };
		88133797189D0331002EEA08 /* UIImage+Blur.h */ = {isa = PBXFileReference; fileEncoding = 4; lastKnownFileType = sourcecode.c.h; path = "UIImage+Blur.h"; sourceTree = "<group>"; };
		88133798189D0331002EEA08 /* UIImage+Blur.m */ = {isa = PBXFileReference; fileEncoding = 4; lastKnownFileType = sourcecode.c.objc; path = "UIImage+Blur.m"; sourceTree = "<group>"; };
		88133799189D0331002EEA08 /* UIImage+ImageWithColor.h */ = {isa = PBXFileReference; fileEncoding = 4; lastKnownFileType = sourcecode.c.h; path = "UIImage+ImageWithColor.h"; sourceTree = "<group>"; };
		8813379A189D0331002EEA08 /* UIImage+ImageWithColor.m */ = {isa = PBXFileReference; fileEncoding = 4; lastKnownFileType = sourcecode.c.objc; path = "UIImage+ImageWithColor.m"; sourceTree = "<group>"; };
		8813379B189D0331002EEA08 /* UIImage+Screenshot.h */ = {isa = PBXFileReference; fileEncoding = 4; lastKnownFileType = sourcecode.c.h; path = "UIImage+Screenshot.h"; sourceTree = "<group>"; };
		8813379C189D0331002EEA08 /* UIImage+Screenshot.m */ = {isa = PBXFileReference; fileEncoding = 4; lastKnownFileType = sourcecode.c.objc; path = "UIImage+Screenshot.m"; sourceTree = "<group>"; };
		8813379D189D0331002EEA08 /* UIImage-Helpers.h */ = {isa = PBXFileReference; fileEncoding = 4; lastKnownFileType = sourcecode.c.h; path = "UIImage-Helpers.h"; sourceTree = "<group>"; };
		881337A3189D139F002EEA08 /* AlertHelper.h */ = {isa = PBXFileReference; fileEncoding = 4; lastKnownFileType = sourcecode.c.h; path = AlertHelper.h; sourceTree = "<group>"; };
		881337A4189D139F002EEA08 /* AlertHelper.m */ = {isa = PBXFileReference; fileEncoding = 4; lastKnownFileType = sourcecode.c.objc; path = AlertHelper.m; sourceTree = "<group>"; };
		881337A6189D14F4002EEA08 /* IdeaNearbyTableViewCell.h */ = {isa = PBXFileReference; fileEncoding = 4; lastKnownFileType = sourcecode.c.h; path = IdeaNearbyTableViewCell.h; sourceTree = "<group>"; };
		881337A7189D14F4002EEA08 /* IdeaNearbyTableViewCell.m */ = {isa = PBXFileReference; fileEncoding = 4; lastKnownFileType = sourcecode.c.objc; path = IdeaNearbyTableViewCell.m; sourceTree = "<group>"; };
		881337AA189DB711002EEA08 /* words.db */ = {isa = PBXFileReference; fileEncoding = 4; lastKnownFileType = text; path = words.db; sourceTree = "<group>"; };
		881337AC189DBD71002EEA08 /* ColorScheme.h */ = {isa = PBXFileReference; lastKnownFileType = sourcecode.c.h; path = ColorScheme.h; sourceTree = "<group>"; };
		881337AD189DC47B002EEA08 /* IdeaFountainViewController.h */ = {isa = PBXFileReference; fileEncoding = 4; lastKnownFileType = sourcecode.c.h; path = IdeaFountainViewController.h; sourceTree = "<group>"; };
		881337AE189DC47B002EEA08 /* IdeaFountainViewController.m */ = {isa = PBXFileReference; fileEncoding = 4; lastKnownFileType = sourcecode.c.objc; path = IdeaFountainViewController.m; sourceTree = "<group>"; };
		881337B0189DC48C002EEA08 /* IdeaFountainViewCell.h */ = {isa = PBXFileReference; fileEncoding = 4; lastKnownFileType = sourcecode.c.h; path = IdeaFountainViewCell.h; sourceTree = "<group>"; };
		881337B1189DC48C002EEA08 /* IdeaFountainViewCell.m */ = {isa = PBXFileReference; fileEncoding = 4; lastKnownFileType = sourcecode.c.objc; path = IdeaFountainViewCell.m; sourceTree = "<group>"; };
		881337B3189DC6C9002EEA08 /* IdeaFountainCollectionViewLayout.h */ = {isa = PBXFileReference; fileEncoding = 4; lastKnownFileType = sourcecode.c.h; path = IdeaFountainCollectionViewLayout.h; sourceTree = "<group>"; };
		881337B4189DC6C9002EEA08 /* IdeaFountainCollectionViewLayout.m */ = {isa = PBXFileReference; fileEncoding = 4; lastKnownFileType = sourcecode.c.objc; path = IdeaFountainCollectionViewLayout.m; sourceTree = "<group>"; };
		884B3A29189B86B000CB00A6 /* PopModalSegue.h */ = {isa = PBXFileReference; fileEncoding = 4; lastKnownFileType = sourcecode.c.h; name = PopModalSegue.h; path = Segues/PopModalSegue.h; sourceTree = "<group>"; };
		884B3A2A189B86B000CB00A6 /* PopModalSegue.m */ = {isa = PBXFileReference; fileEncoding = 4; lastKnownFileType = sourcecode.c.objc; name = PopModalSegue.m; path = Segues/PopModalSegue.m; sourceTree = "<group>"; };
		884B3A2B189B86B000CB00A6 /* ResizeModelViewSegue.h */ = {isa = PBXFileReference; fileEncoding = 4; lastKnownFileType = sourcecode.c.h; name = ResizeModelViewSegue.h; path = Segues/ResizeModelViewSegue.h; sourceTree = "<group>"; };
		884B3A2C189B86B000CB00A6 /* ResizeModelViewSegue.m */ = {isa = PBXFileReference; fileEncoding = 4; lastKnownFileType = sourcecode.c.objc; name = ResizeModelViewSegue.m; path = Segues/ResizeModelViewSegue.m; sourceTree = "<group>"; };
		884B3A30189C83AA00CB00A6 /* Idea.h */ = {isa = PBXFileReference; fileEncoding = 4; lastKnownFileType = sourcecode.c.h; path = Idea.h; sourceTree = "<group>"; };
		884B3A31189C83AA00CB00A6 /* Idea.m */ = {isa = PBXFileReference; fileEncoding = 4; lastKnownFileType = sourcecode.c.objc; path = Idea.m; sourceTree = "<group>"; };
		884B3A33189C83F700CB00A6 /* IdeaComment.h */ = {isa = PBXFileReference; fileEncoding = 4; lastKnownFileType = sourcecode.c.h; path = IdeaComment.h; sourceTree = "<group>"; };
		884B3A34189C83F700CB00A6 /* IdeaComment.m */ = {isa = PBXFileReference; fileEncoding = 4; lastKnownFileType = sourcecode.c.objc; path = IdeaComment.m; sourceTree = "<group>"; };
		884B3A36189C840100CB00A6 /* IdeaCategory.h */ = {isa = PBXFileReference; fileEncoding = 4; lastKnownFileType = sourcecode.c.h; path = IdeaCategory.h; sourceTree = "<group>"; };
		884B3A37189C840100CB00A6 /* IdeaCategory.m */ = {isa = PBXFileReference; fileEncoding = 4; lastKnownFileType = sourcecode.c.objc; path = IdeaCategory.m; sourceTree = "<group>"; };
		884B3A39189C841000CB00A6 /* IdeaUser.h */ = {isa = PBXFileReference; fileEncoding = 4; lastKnownFileType = sourcecode.c.h; path = IdeaUser.h; sourceTree = "<group>"; };
		884B3A3A189C841000CB00A6 /* IdeaUser.m */ = {isa = PBXFileReference; fileEncoding = 4; lastKnownFileType = sourcecode.c.objc; path = IdeaUser.m; sourceTree = "<group>"; };
		884B3A40189C85F800CB00A6 /* CoreLocation.framework */ = {isa = PBXFileReference; lastKnownFileType = wrapper.framework; name = CoreLocation.framework; path = System/Library/Frameworks/CoreLocation.framework; sourceTree = SDKROOT; };
		884B3A42189C860200CB00A6 /* CFNetwork.framework */ = {isa = PBXFileReference; lastKnownFileType = wrapper.framework; name = CFNetwork.framework; path = System/Library/Frameworks/CFNetwork.framework; sourceTree = SDKROOT; };
		884B3A44189C860600CB00A6 /* CoreData.framework */ = {isa = PBXFileReference; lastKnownFileType = wrapper.framework; name = CoreData.framework; path = System/Library/Frameworks/CoreData.framework; sourceTree = SDKROOT; };
		884B3A46189C86E300CB00A6 /* GeoLocationManager.h */ = {isa = PBXFileReference; fileEncoding = 4; lastKnownFileType = sourcecode.c.h; path = GeoLocationManager.h; sourceTree = "<group>"; };
		884B3A47189C86E300CB00A6 /* GeoLocationManager.m */ = {isa = PBXFileReference; fileEncoding = 4; lastKnownFileType = sourcecode.c.objc; path = GeoLocationManager.m; sourceTree = "<group>"; };
		884B3A49189C8C6000CB00A6 /* ServerAPI.h */ = {isa = PBXFileReference; fileEncoding = 4; lastKnownFileType = sourcecode.c.h; path = ServerAPI.h; sourceTree = "<group>"; };
		884B3A4A189C8C6000CB00A6 /* ServerAPI.m */ = {isa = PBXFileReference; fileEncoding = 4; lastKnownFileType = sourcecode.c.objc; path = ServerAPI.m; sourceTree = "<group>"; };
		884B3A4D189C8DE700CB00A6 /* AFHTTPRequestOperation.h */ = {isa = PBXFileReference; fileEncoding = 4; lastKnownFileType = sourcecode.c.h; path = AFHTTPRequestOperation.h; sourceTree = "<group>"; };
		884B3A4E189C8DE700CB00A6 /* AFHTTPRequestOperation.m */ = {isa = PBXFileReference; fileEncoding = 4; lastKnownFileType = sourcecode.c.objc; path = AFHTTPRequestOperation.m; sourceTree = "<group>"; };
		884B3A4F189C8DE700CB00A6 /* AFHTTPRequestOperationManager.h */ = {isa = PBXFileReference; fileEncoding = 4; lastKnownFileType = sourcecode.c.h; path = AFHTTPRequestOperationManager.h; sourceTree = "<group>"; };
		884B3A50189C8DE700CB00A6 /* AFHTTPRequestOperationManager.m */ = {isa = PBXFileReference; fileEncoding = 4; lastKnownFileType = sourcecode.c.objc; path = AFHTTPRequestOperationManager.m; sourceTree = "<group>"; };
		884B3A51189C8DE700CB00A6 /* AFHTTPSessionManager.h */ = {isa = PBXFileReference; fileEncoding = 4; lastKnownFileType = sourcecode.c.h; path = AFHTTPSessionManager.h; sourceTree = "<group>"; };
		884B3A52189C8DE700CB00A6 /* AFHTTPSessionManager.m */ = {isa = PBXFileReference; fileEncoding = 4; lastKnownFileType = sourcecode.c.objc; path = AFHTTPSessionManager.m; sourceTree = "<group>"; };
		884B3A53189C8DE700CB00A6 /* AFNetworking.h */ = {isa = PBXFileReference; fileEncoding = 4; lastKnownFileType = sourcecode.c.h; path = AFNetworking.h; sourceTree = "<group>"; };
		884B3A54189C8DE700CB00A6 /* AFNetworkReachabilityManager.h */ = {isa = PBXFileReference; fileEncoding = 4; lastKnownFileType = sourcecode.c.h; path = AFNetworkReachabilityManager.h; sourceTree = "<group>"; };
		884B3A55189C8DE700CB00A6 /* AFNetworkReachabilityManager.m */ = {isa = PBXFileReference; fileEncoding = 4; lastKnownFileType = sourcecode.c.objc; path = AFNetworkReachabilityManager.m; sourceTree = "<group>"; };
		884B3A56189C8DE700CB00A6 /* AFSecurityPolicy.h */ = {isa = PBXFileReference; fileEncoding = 4; lastKnownFileType = sourcecode.c.h; path = AFSecurityPolicy.h; sourceTree = "<group>"; };
		884B3A57189C8DE700CB00A6 /* AFSecurityPolicy.m */ = {isa = PBXFileReference; fileEncoding = 4; lastKnownFileType = sourcecode.c.objc; path = AFSecurityPolicy.m; sourceTree = "<group>"; };
		884B3A58189C8DE700CB00A6 /* AFURLConnectionOperation.h */ = {isa = PBXFileReference; fileEncoding = 4; lastKnownFileType = sourcecode.c.h; path = AFURLConnectionOperation.h; sourceTree = "<group>"; };
		884B3A59189C8DE700CB00A6 /* AFURLConnectionOperation.m */ = {isa = PBXFileReference; fileEncoding = 4; lastKnownFileType = sourcecode.c.objc; path = AFURLConnectionOperation.m; sourceTree = "<group>"; };
		884B3A5A189C8DE700CB00A6 /* AFURLRequestSerialization.h */ = {isa = PBXFileReference; fileEncoding = 4; lastKnownFileType = sourcecode.c.h; path = AFURLRequestSerialization.h; sourceTree = "<group>"; };
		884B3A5B189C8DE700CB00A6 /* AFURLRequestSerialization.m */ = {isa = PBXFileReference; fileEncoding = 4; lastKnownFileType = sourcecode.c.objc; path = AFURLRequestSerialization.m; sourceTree = "<group>"; };
		884B3A5C189C8DE700CB00A6 /* AFURLResponseSerialization.h */ = {isa = PBXFileReference; fileEncoding = 4; lastKnownFileType = sourcecode.c.h; path = AFURLResponseSerialization.h; sourceTree = "<group>"; };
		884B3A5D189C8DE700CB00A6 /* AFURLResponseSerialization.m */ = {isa = PBXFileReference; fileEncoding = 4; lastKnownFileType = sourcecode.c.objc; path = AFURLResponseSerialization.m; sourceTree = "<group>"; };
		884B3A5E189C8DE700CB00A6 /* AFURLSessionManager.h */ = {isa = PBXFileReference; fileEncoding = 4; lastKnownFileType = sourcecode.c.h; path = AFURLSessionManager.h; sourceTree = "<group>"; };
		884B3A5F189C8DE700CB00A6 /* AFURLSessionManager.m */ = {isa = PBXFileReference; fileEncoding = 4; lastKnownFileType = sourcecode.c.objc; path = AFURLSessionManager.m; sourceTree = "<group>"; };
		884B3A60189C8DE700CB00A6 /* LICENSE */ = {isa = PBXFileReference; fileEncoding = 4; lastKnownFileType = text; path = LICENSE; sourceTree = "<group>"; };
		884B3A61189C8DE700CB00A6 /* README.md */ = {isa = PBXFileReference; fileEncoding = 4; lastKnownFileType = text; path = README.md; sourceTree = "<group>"; };
		884B3A6D189C932C00CB00A6 /* JSONSerialization.h */ = {isa = PBXFileReference; fileEncoding = 4; lastKnownFileType = sourcecode.c.h; path = JSONSerialization.h; sourceTree = "<group>"; };
		884B3A6E189C932C00CB00A6 /* JSONSerialization.m */ = {isa = PBXFileReference; fileEncoding = 4; lastKnownFileType = sourcecode.c.objc; path = JSONSerialization.m; sourceTree = "<group>"; };
		884B3A70189C9A9700CB00A6 /* UserManager.h */ = {isa = PBXFileReference; fileEncoding = 4; lastKnownFileType = sourcecode.c.h; path = UserManager.h; sourceTree = "<group>"; };
		884B3A71189C9A9700CB00A6 /* UserManager.m */ = {isa = PBXFileReference; fileEncoding = 4; lastKnownFileType = sourcecode.c.objc; path = UserManager.m; sourceTree = "<group>"; };
		884B3A73189C9E3000CB00A6 /* NSUserDefaults+DefaultValue.h */ = {isa = PBXFileReference; fileEncoding = 4; lastKnownFileType = sourcecode.c.h; path = "NSUserDefaults+DefaultValue.h"; sourceTree = "<group>"; };
		884B3A74189C9E3000CB00A6 /* NSUserDefaults+DefaultValue.m */ = {isa = PBXFileReference; fileEncoding = 4; lastKnownFileType = sourcecode.c.objc; path = "NSUserDefaults+DefaultValue.m"; sourceTree = "<group>"; };
		884B3A77189CA93700CB00A6 /* TestServerAPI.h */ = {isa = PBXFileReference; fileEncoding = 4; lastKnownFileType = sourcecode.c.h; path = TestServerAPI.h; sourceTree = "<group>"; };
		884B3A78189CA93700CB00A6 /* TestServerAPI.m */ = {isa = PBXFileReference; fileEncoding = 4; lastKnownFileType = sourcecode.c.objc; path = TestServerAPI.m; sourceTree = "<group>"; };
		887C9AD5189B5989008910C8 /* IdeaBook.app */ = {isa = PBXFileReference; explicitFileType = wrapper.application; includeInIndex = 0; path = IdeaBook.app; sourceTree = BUILT_PRODUCTS_DIR; };
		887C9AD8189B598A008910C8 /* Foundation.framework */ = {isa = PBXFileReference; lastKnownFileType = wrapper.framework; name = Foundation.framework; path = System/Library/Frameworks/Foundation.framework; sourceTree = SDKROOT; };
		887C9ADA189B598A008910C8 /* CoreGraphics.framework */ = {isa = PBXFileReference; lastKnownFileType = wrapper.framework; name = CoreGraphics.framework; path = System/Library/Frameworks/CoreGraphics.framework; sourceTree = SDKROOT; };
		887C9ADC189B598A008910C8 /* UIKit.framework */ = {isa = PBXFileReference; lastKnownFileType = wrapper.framework; name = UIKit.framework; path = System/Library/Frameworks/UIKit.framework; sourceTree = SDKROOT; };
		887C9AE0189B598A008910C8 /* IdeaBook-Info.plist */ = {isa = PBXFileReference; lastKnownFileType = text.plist.xml; path = "IdeaBook-Info.plist"; sourceTree = "<group>"; };
		887C9AE2189B598A008910C8 /* en */ = {isa = PBXFileReference; lastKnownFileType = text.plist.strings; name = en; path = en.lproj/InfoPlist.strings; sourceTree = "<group>"; };
		887C9AE4189B598A008910C8 /* main.m */ = {isa = PBXFileReference; lastKnownFileType = sourcecode.c.objc; path = main.m; sourceTree = "<group>"; };
		887C9AE6189B598A008910C8 /* IdeaBook-Prefix.pch */ = {isa = PBXFileReference; lastKnownFileType = sourcecode.c.h; path = "IdeaBook-Prefix.pch"; sourceTree = "<group>"; };
		887C9AE7189B598A008910C8 /* AppDelegate.h */ = {isa = PBXFileReference; lastKnownFileType = sourcecode.c.h; path = AppDelegate.h; sourceTree = "<group>"; };
		887C9AE8189B598A008910C8 /* AppDelegate.m */ = {isa = PBXFileReference; lastKnownFileType = sourcecode.c.objc; path = AppDelegate.m; sourceTree = "<group>"; };
		887C9AEB189B598A008910C8 /* Base */ = {isa = PBXFileReference; lastKnownFileType = file.storyboard; name = Base; path = Base.lproj/Main.storyboard; sourceTree = "<group>"; };
		887C9AF0189B598A008910C8 /* IdeaViewController.h */ = {isa = PBXFileReference; lastKnownFileType = sourcecode.c.h; path = IdeaViewController.h; sourceTree = "<group>"; };
		887C9AF1189B598A008910C8 /* IdeaViewController.m */ = {isa = PBXFileReference; lastKnownFileType = sourcecode.c.objc; path = IdeaViewController.m; sourceTree = "<group>"; };
		887C9AF3189B598A008910C8 /* IdeaNearbyViewController.h */ = {isa = PBXFileReference; lastKnownFileType = sourcecode.c.h; path = IdeaNearbyViewController.h; sourceTree = "<group>"; };
		887C9AF4189B598A008910C8 /* IdeaNearbyViewController.m */ = {isa = PBXFileReference; lastKnownFileType = sourcecode.c.objc; path = IdeaNearbyViewController.m; sourceTree = "<group>"; };
		887C9AF6189B598A008910C8 /* Images.xcassets */ = {isa = PBXFileReference; lastKnownFileType = folder.assetcatalog; path = Images.xcassets; sourceTree = "<group>"; };
		887C9AFC189B598A008910C8 /* IdeaBookTests.xctest */ = {isa = PBXFileReference; explicitFileType = wrapper.cfbundle; includeInIndex = 0; path = IdeaBookTests.xctest; sourceTree = BUILT_PRODUCTS_DIR; };
		887C9AFD189B598A008910C8 /* XCTest.framework */ = {isa = PBXFileReference; lastKnownFileType = wrapper.framework; name = XCTest.framework; path = Library/Frameworks/XCTest.framework; sourceTree = DEVELOPER_DIR; };
		887C9B13189B5AFA008910C8 /* UsersNearbyViewController.h */ = {isa = PBXFileReference; fileEncoding = 4; lastKnownFileType = sourcecode.c.h; path = UsersNearbyViewController.h; sourceTree = "<group>"; };
		887C9B14189B5AFA008910C8 /* UsersNearbyViewController.m */ = {isa = PBXFileReference; fileEncoding = 4; lastKnownFileType = sourcecode.c.objc; path = UsersNearbyViewController.m; sourceTree = "<group>"; };
		887C9B16189B5D51008910C8 /* SettingsViewController.h */ = {isa = PBXFileReference; fileEncoding = 4; lastKnownFileType = sourcecode.c.h; path = SettingsViewController.h; sourceTree = "<group>"; };
		887C9B17189B5D51008910C8 /* SettingsViewController.m */ = {isa = PBXFileReference; fileEncoding = 4; lastKnownFileType = sourcecode.c.objc; path = SettingsViewController.m; sourceTree = "<group>"; };
		887C9B1A189B5EDE008910C8 /* SWRevealViewController.h */ = {isa = PBXFileReference; fileEncoding = 4; lastKnownFileType = sourcecode.c.h; path = SWRevealViewController.h; sourceTree = "<group>"; };
		887C9B1B189B5EDE008910C8 /* SWRevealViewController.m */ = {isa = PBXFileReference; fileEncoding = 4; lastKnownFileType = sourcecode.c.objc; path = SWRevealViewController.m; sourceTree = "<group>"; };
		887C9B2A189B667A008910C8 /* SidebarViewController.h */ = {isa = PBXFileReference; fileEncoding = 4; lastKnownFileType = sourcecode.c.h; path = SidebarViewController.h; sourceTree = "<group>"; };
		887C9B2B189B667A008910C8 /* SidebarViewController.m */ = {isa = PBXFileReference; fileEncoding = 4; lastKnownFileType = sourcecode.c.objc; path = SidebarViewController.m; sourceTree = "<group>"; };
		88FF7853189CCE1F004366FA /* NewIdeaViewController.h */ = {isa = PBXFileReference; fileEncoding = 4; lastKnownFileType = sourcecode.c.h; path = NewIdeaViewController.h; sourceTree = "<group>"; };
		88FF7854189CCE1F004366FA /* NewIdeaViewController.m */ = {isa = PBXFileReference; fileEncoding = 4; lastKnownFileType = sourcecode.c.objc; path = NewIdeaViewController.m; sourceTree = "<group>"; };
		88FF7858189CDD4D004366FA /* IdeaManager.h */ = {isa = PBXFileReference; fileEncoding = 4; lastKnownFileType = sourcecode.c.h; path = IdeaManager.h; sourceTree = "<group>"; };
		88FF7859189CDD4D004366FA /* IdeaManager.m */ = {isa = PBXFileReference; fileEncoding = 4; lastKnownFileType = sourcecode.c.objc; path = IdeaManager.m; sourceTree = "<group>"; };
		88FF785B189CE727004366FA /* IdeaTableViewCell.h */ = {isa = PBXFileReference; fileEncoding = 4; lastKnownFileType = sourcecode.c.h; path = IdeaTableViewCell.h; sourceTree = "<group>"; };
		88FF785C189CE727004366FA /* IdeaTableViewCell.m */ = {isa = PBXFileReference; fileEncoding = 4; lastKnownFileType = sourcecode.c.objc; path = IdeaTableViewCell.m; sourceTree = "<group>"; };
		88FF7862189CECFF004366FA /* IdeaDetailViewController.h */ = {isa = PBXFileReference; fileEncoding = 4; lastKnownFileType = sourcecode.c.h; path = IdeaDetailViewController.h; sourceTree = "<group>"; };
		88FF7863189CECFF004366FA /* IdeaDetailViewController.m */ = {isa = PBXFileReference; fileEncoding = 4; lastKnownFileType = sourcecode.c.objc; path = IdeaDetailViewController.m; sourceTree = "<group>"; };
/* End PBXFileReference section */

/* Begin PBXFrameworksBuildPhase section */
		887C9AD2189B5989008910C8 /* Frameworks */ = {
			isa = PBXFrameworksBuildPhase;
			buildActionMask = 2147483647;
			files = (
				884B3A45189C860600CB00A6 /* CoreData.framework in Frameworks */,
				884B3A43189C860200CB00A6 /* CFNetwork.framework in Frameworks */,
				884B3A41189C85F800CB00A6 /* CoreLocation.framework in Frameworks */,
				887C9ADB189B598A008910C8 /* CoreGraphics.framework in Frameworks */,
				887C9ADD189B598A008910C8 /* UIKit.framework in Frameworks */,
				887C9AD9189B598A008910C8 /* Foundation.framework in Frameworks */,
			);
			runOnlyForDeploymentPostprocessing = 0;
		};
		887C9AF9189B598A008910C8 /* Frameworks */ = {
			isa = PBXFrameworksBuildPhase;
			buildActionMask = 2147483647;
			files = (
				887C9AFE189B598A008910C8 /* XCTest.framework in Frameworks */,
				887C9B00189B598A008910C8 /* UIKit.framework in Frameworks */,
				887C9AFF189B598A008910C8 /* Foundation.framework in Frameworks */,
			);
			runOnlyForDeploymentPostprocessing = 0;
		};
/* End PBXFrameworksBuildPhase section */

/* Begin PBXGroup section */
		84385F3C189D90BE00C21742 /* images */ = {
			isa = PBXGroup;
			children = (
				84385F4B189DAA0D00C21742 /* splash copy.png */,
				84385F4D189DAA4D00C21742 /* splash copy 2 960.png */,
				84385F41189D910400C21742 /* icon2.PNG */,
				84385F40189D910400C21742 /* icon1.PNG */,
				84385F42189D910400C21742 /* icon3.PNG */,
			);
			name = images;
			sourceTree = "<group>";
		};
		8813377D189CFE7C002EEA08 /* DejalActivityView */ = {
			isa = PBXGroup;
			children = (
				8813377E189CFE7C002EEA08 /* DejalActivityView.h */,
				8813377F189CFE7C002EEA08 /* DejalActivityView.m */,
			);
			path = DejalActivityView;
			sourceTree = "<group>";
		};
		88133781189D01C8002EEA08 /* NZAlertView */ = {
			isa = PBXGroup;
			children = (
				88133782189D01C8002EEA08 /* Helpers */,
				88133786189D01C8002EEA08 /* NZAlertView-Icons.bundle */,
				88133787189D01C8002EEA08 /* NZAlertView.h */,
				88133788189D01C8002EEA08 /* NZAlertView.m */,
				88133789189D01C8002EEA08 /* Protocols */,
				8813378C189D01C8002EEA08 /* Views */,
			);
			path = NZAlertView;
			sourceTree = "<group>";
		};
		88133782189D01C8002EEA08 /* Helpers */ = {
			isa = PBXGroup;
			children = (
				88133783189D01C8002EEA08 /* NZAlertViewColor.h */,
				88133784189D01C8002EEA08 /* NZAlertViewColor.m */,
			);
			path = Helpers;
			sourceTree = "<group>";
		};
		88133789189D01C8002EEA08 /* Protocols */ = {
			isa = PBXGroup;
			children = (
				8813378A189D01C8002EEA08 /* NZAlertViewDelegate.h */,
			);
			path = Protocols;
			sourceTree = "<group>";
		};
		8813378C189D01C8002EEA08 /* Views */ = {
			isa = PBXGroup;
			children = (
				8813378D189D01C8002EEA08 /* NZAlertView.xib */,
			);
			path = Views;
			sourceTree = "<group>";
		};
		88133794189D0331002EEA08 /* UIImage-Helpers */ = {
			isa = PBXGroup;
			children = (
				88133797189D0331002EEA08 /* UIImage+Blur.h */,
				88133798189D0331002EEA08 /* UIImage+Blur.m */,
				88133799189D0331002EEA08 /* UIImage+ImageWithColor.h */,
				8813379A189D0331002EEA08 /* UIImage+ImageWithColor.m */,
				8813379B189D0331002EEA08 /* UIImage+Screenshot.h */,
				8813379C189D0331002EEA08 /* UIImage+Screenshot.m */,
				8813379D189D0331002EEA08 /* UIImage-Helpers.h */,
			);
			path = "UIImage-Helpers";
			sourceTree = "<group>";
		};
		881337A9189DB711002EEA08 /* Data */ = {
			isa = PBXGroup;
			children = (
				881337AA189DB711002EEA08 /* words.db */,
			);
			path = Data;
			sourceTree = "<group>";
		};
		884B3A28189B869300CB00A6 /* Segues */ = {
			isa = PBXGroup;
			children = (
				884B3A29189B86B000CB00A6 /* PopModalSegue.h */,
				884B3A2A189B86B000CB00A6 /* PopModalSegue.m */,
				884B3A2B189B86B000CB00A6 /* ResizeModelViewSegue.h */,
				884B3A2C189B86B000CB00A6 /* ResizeModelViewSegue.m */,
			);
			name = Segues;
			sourceTree = "<group>";
		};
		884B3A2F189C839800CB00A6 /* Models */ = {
			isa = PBXGroup;
			children = (
				884B3A30189C83AA00CB00A6 /* Idea.h */,
				884B3A31189C83AA00CB00A6 /* Idea.m */,
				884B3A33189C83F700CB00A6 /* IdeaComment.h */,
				884B3A34189C83F700CB00A6 /* IdeaComment.m */,
				884B3A36189C840100CB00A6 /* IdeaCategory.h */,
				884B3A37189C840100CB00A6 /* IdeaCategory.m */,
				884B3A39189C841000CB00A6 /* IdeaUser.h */,
				884B3A3A189C841000CB00A6 /* IdeaUser.m */,
			);
			path = Models;
			sourceTree = "<group>";
		};
		884B3A3C189C85C500CB00A6 /* Utils */ = {
			isa = PBXGroup;
			children = (
				884B3A46189C86E300CB00A6 /* GeoLocationManager.h */,
				884B3A47189C86E300CB00A6 /* GeoLocationManager.m */,
				884B3A49189C8C6000CB00A6 /* ServerAPI.h */,
				884B3A4A189C8C6000CB00A6 /* ServerAPI.m */,
				884B3A6D189C932C00CB00A6 /* JSONSerialization.h */,
				884B3A6E189C932C00CB00A6 /* JSONSerialization.m */,
				884B3A70189C9A9700CB00A6 /* UserManager.h */,
				884B3A71189C9A9700CB00A6 /* UserManager.m */,
				884B3A73189C9E3000CB00A6 /* NSUserDefaults+DefaultValue.h */,
				884B3A74189C9E3000CB00A6 /* NSUserDefaults+DefaultValue.m */,
				88FF7858189CDD4D004366FA /* IdeaManager.h */,
				88FF7859189CDD4D004366FA /* IdeaManager.m */,
				881337A3189D139F002EEA08 /* AlertHelper.h */,
				881337A4189D139F002EEA08 /* AlertHelper.m */,
			);
			path = Utils;
			sourceTree = "<group>";
		};
		884B3A4C189C8DE700CB00A6 /* AFNetworking */ = {
			isa = PBXGroup;
			children = (
				884B3A4D189C8DE700CB00A6 /* AFHTTPRequestOperation.h */,
				884B3A4E189C8DE700CB00A6 /* AFHTTPRequestOperation.m */,
				884B3A4F189C8DE700CB00A6 /* AFHTTPRequestOperationManager.h */,
				884B3A50189C8DE700CB00A6 /* AFHTTPRequestOperationManager.m */,
				884B3A51189C8DE700CB00A6 /* AFHTTPSessionManager.h */,
				884B3A52189C8DE700CB00A6 /* AFHTTPSessionManager.m */,
				884B3A53189C8DE700CB00A6 /* AFNetworking.h */,
				884B3A54189C8DE700CB00A6 /* AFNetworkReachabilityManager.h */,
				884B3A55189C8DE700CB00A6 /* AFNetworkReachabilityManager.m */,
				884B3A56189C8DE700CB00A6 /* AFSecurityPolicy.h */,
				884B3A57189C8DE700CB00A6 /* AFSecurityPolicy.m */,
				884B3A58189C8DE700CB00A6 /* AFURLConnectionOperation.h */,
				884B3A59189C8DE700CB00A6 /* AFURLConnectionOperation.m */,
				884B3A5A189C8DE700CB00A6 /* AFURLRequestSerialization.h */,
				884B3A5B189C8DE700CB00A6 /* AFURLRequestSerialization.m */,
				884B3A5C189C8DE700CB00A6 /* AFURLResponseSerialization.h */,
				884B3A5D189C8DE700CB00A6 /* AFURLResponseSerialization.m */,
				884B3A5E189C8DE700CB00A6 /* AFURLSessionManager.h */,
				884B3A5F189C8DE700CB00A6 /* AFURLSessionManager.m */,
				884B3A60189C8DE700CB00A6 /* LICENSE */,
				884B3A61189C8DE700CB00A6 /* README.md */,
			);
			path = AFNetworking;
			sourceTree = "<group>";
		};
		884B3A76189CA91E00CB00A6 /* Tests */ = {
			isa = PBXGroup;
			children = (
				884B3A77189CA93700CB00A6 /* TestServerAPI.h */,
				884B3A78189CA93700CB00A6 /* TestServerAPI.m */,
			);
			path = Tests;
			sourceTree = "<group>";
		};
		887C9ACC189B5989008910C8 = {
			isa = PBXGroup;
			children = (
				887C9ADE189B598A008910C8 /* IdeaBook */,
				887C9AD7189B5989008910C8 /* Frameworks */,
				887C9AD6189B5989008910C8 /* Products */,
			);
			sourceTree = "<group>";
		};
		887C9AD6189B5989008910C8 /* Products */ = {
			isa = PBXGroup;
			children = (
				887C9AD5189B5989008910C8 /* IdeaBook.app */,
				887C9AFC189B598A008910C8 /* IdeaBookTests.xctest */,
			);
			name = Products;
			sourceTree = "<group>";
		};
		887C9AD7189B5989008910C8 /* Frameworks */ = {
			isa = PBXGroup;
			children = (
				884B3A44189C860600CB00A6 /* CoreData.framework */,
				884B3A42189C860200CB00A6 /* CFNetwork.framework */,
				884B3A40189C85F800CB00A6 /* CoreLocation.framework */,
				887C9AD8189B598A008910C8 /* Foundation.framework */,
				887C9ADA189B598A008910C8 /* CoreGraphics.framework */,
				887C9ADC189B598A008910C8 /* UIKit.framework */,
				887C9AFD189B598A008910C8 /* XCTest.framework */,
			);
			name = Frameworks;
			sourceTree = "<group>";
		};
		887C9ADE189B598A008910C8 /* IdeaBook */ = {
			isa = PBXGroup;
			children = (
				881337A9189DB711002EEA08 /* Data */,
				84385F3C189D90BE00C21742 /* images */,
				88133794189D0331002EEA08 /* UIImage-Helpers */,
				88133781189D01C8002EEA08 /* NZAlertView */,
				8813377D189CFE7C002EEA08 /* DejalActivityView */,
				884B3A4C189C8DE700CB00A6 /* AFNetworking */,
				887C9B19189B5EDE008910C8 /* SWRevealViewController */,
				884B3A3C189C85C500CB00A6 /* Utils */,
				884B3A2F189C839800CB00A6 /* Models */,
				884B3A28189B869300CB00A6 /* Segues */,
				884B3A76189CA91E00CB00A6 /* Tests */,
				881337AC189DBD71002EEA08 /* ColorScheme.h */,
				887C9AE7189B598A008910C8 /* AppDelegate.h */,
				887C9AE8189B598A008910C8 /* AppDelegate.m */,
				887C9AF0189B598A008910C8 /* IdeaViewController.h */,
				887C9AF1189B598A008910C8 /* IdeaViewController.m */,
				88FF785B189CE727004366FA /* IdeaTableViewCell.h */,
				88FF785C189CE727004366FA /* IdeaTableViewCell.m */,
				88FF7862189CECFF004366FA /* IdeaDetailViewController.h */,
				88FF7863189CECFF004366FA /* IdeaDetailViewController.m */,
				88FF7853189CCE1F004366FA /* NewIdeaViewController.h */,
				88FF7854189CCE1F004366FA /* NewIdeaViewController.m */,
				887C9AF3189B598A008910C8 /* IdeaNearbyViewController.h */,
				887C9AF4189B598A008910C8 /* IdeaNearbyViewController.m */,
				881337A6189D14F4002EEA08 /* IdeaNearbyTableViewCell.h */,
				881337A7189D14F4002EEA08 /* IdeaNearbyTableViewCell.m */,
				887C9B13189B5AFA008910C8 /* UsersNearbyViewController.h */,
				887C9B14189B5AFA008910C8 /* UsersNearbyViewController.m */,
				887C9B16189B5D51008910C8 /* SettingsViewController.h */,
				887C9B17189B5D51008910C8 /* SettingsViewController.m */,
				887C9B2A189B667A008910C8 /* SidebarViewController.h */,
				887C9B2B189B667A008910C8 /* SidebarViewController.m */,
				881337AD189DC47B002EEA08 /* IdeaFountainViewController.h */,
				881337AE189DC47B002EEA08 /* IdeaFountainViewController.m */,
				881337B0189DC48C002EEA08 /* IdeaFountainViewCell.h */,
				881337B1189DC48C002EEA08 /* IdeaFountainViewCell.m */,
				881337B3189DC6C9002EEA08 /* IdeaFountainCollectionViewLayout.h */,
				881337B4189DC6C9002EEA08 /* IdeaFountainCollectionViewLayout.m */,
				887C9AEA189B598A008910C8 /* Main.storyboard */,
				887C9AF6189B598A008910C8 /* Images.xcassets */,
				887C9ADF189B598A008910C8 /* Supporting Files */,
			);
			path = IdeaBook;
			sourceTree = "<group>";
		};
		887C9ADF189B598A008910C8 /* Supporting Files */ = {
			isa = PBXGroup;
			children = (
				887C9AE0189B598A008910C8 /* IdeaBook-Info.plist */,
				887C9AE1189B598A008910C8 /* InfoPlist.strings */,
				887C9AE4189B598A008910C8 /* main.m */,
				887C9AE6189B598A008910C8 /* IdeaBook-Prefix.pch */,
			);
			name = "Supporting Files";
			sourceTree = "<group>";
		};
		887C9B19189B5EDE008910C8 /* SWRevealViewController */ = {
			isa = PBXGroup;
			children = (
				887C9B1A189B5EDE008910C8 /* SWRevealViewController.h */,
				887C9B1B189B5EDE008910C8 /* SWRevealViewController.m */,
			);
			path = SWRevealViewController;
			sourceTree = "<group>";
		};
/* End PBXGroup section */

/* Begin PBXNativeTarget section */
		887C9AD4189B5989008910C8 /* IdeaBook */ = {
			isa = PBXNativeTarget;
			buildConfigurationList = 887C9B0D189B598A008910C8 /* Build configuration list for PBXNativeTarget "IdeaBook" */;
			buildPhases = (
				887C9AD1189B5989008910C8 /* Sources */,
				887C9AD2189B5989008910C8 /* Frameworks */,
				887C9AD3189B5989008910C8 /* Resources */,
			);
			buildRules = (
			);
			dependencies = (
			);
			name = IdeaBook;
			productName = IdeaBook;
			productReference = 887C9AD5189B5989008910C8 /* IdeaBook.app */;
			productType = "com.apple.product-type.application";
		};
		887C9AFB189B598A008910C8 /* IdeaBookTests */ = {
			isa = PBXNativeTarget;
			buildConfigurationList = 887C9B10189B598A008910C8 /* Build configuration list for PBXNativeTarget "IdeaBookTests" */;
			buildPhases = (
				887C9AF8189B598A008910C8 /* Sources */,
				887C9AF9189B598A008910C8 /* Frameworks */,
				887C9AFA189B598A008910C8 /* Resources */,
			);
			buildRules = (
			);
			dependencies = (
				887C9B02189B598A008910C8 /* PBXTargetDependency */,
			);
			name = IdeaBookTests;
			productName = IdeaBookTests;
			productReference = 887C9AFC189B598A008910C8 /* IdeaBookTests.xctest */;
			productType = "com.apple.product-type.bundle.unit-test";
		};
/* End PBXNativeTarget section */

/* Begin PBXProject section */
		887C9ACD189B5989008910C8 /* Project object */ = {
			isa = PBXProject;
			attributes = {
				LastUpgradeCheck = 0500;
				ORGANIZATIONNAME = "Robert Bu";
				TargetAttributes = {
					887C9AFB189B598A008910C8 = {
						TestTargetID = 887C9AD4189B5989008910C8;
					};
				};
			};
			buildConfigurationList = 887C9AD0189B5989008910C8 /* Build configuration list for PBXProject "IdeaBook" */;
			compatibilityVersion = "Xcode 3.2";
			developmentRegion = English;
			hasScannedForEncodings = 0;
			knownRegions = (
				en,
				Base,
			);
			mainGroup = 887C9ACC189B5989008910C8;
			productRefGroup = 887C9AD6189B5989008910C8 /* Products */;
			projectDirPath = "";
			projectRoot = "";
			targets = (
				887C9AD4189B5989008910C8 /* IdeaBook */,
				887C9AFB189B598A008910C8 /* IdeaBookTests */,
			);
		};
/* End PBXProject section */

/* Begin PBXResourcesBuildPhase section */
		887C9AD3189B5989008910C8 /* Resources */ = {
			isa = PBXResourcesBuildPhase;
			buildActionMask = 2147483647;
			files = (
				881337AB189DB711002EEA08 /* words.db in Resources */,
				88133793189D01C8002EEA08 /* NZAlertView.xib in Resources */,
				88133790189D01C8002EEA08 /* NZAlertView-Icons.bundle in Resources */,
				887C9AF7189B598A008910C8 /* Images.xcassets in Resources */,
				884B3A6B189C8DE700CB00A6 /* LICENSE in Resources */,
				884B3A6C189C8DE700CB00A6 /* README.md in Resources */,
				887C9AEC189B598A008910C8 /* Main.storyboard in Resources */,
				887C9AE3189B598A008910C8 /* InfoPlist.strings in Resources */,
			);
			runOnlyForDeploymentPostprocessing = 0;
		};
		887C9AFA189B598A008910C8 /* Resources */ = {
			isa = PBXResourcesBuildPhase;
			buildActionMask = 2147483647;
			files = (
			);
			runOnlyForDeploymentPostprocessing = 0;
		};
/* End PBXResourcesBuildPhase section */

/* Begin PBXSourcesBuildPhase section */
		887C9AD1189B5989008910C8 /* Sources */ = {
			isa = PBXSourcesBuildPhase;
			buildActionMask = 2147483647;
			files = (
				884B3A6A189C8DE700CB00A6 /* AFURLSessionManager.m in Sources */,
				884B3A75189C9E3000CB00A6 /* NSUserDefaults+DefaultValue.m in Sources */,
				88FF785D189CE727004366FA /* IdeaTableViewCell.m in Sources */,
				884B3A67189C8DE700CB00A6 /* AFURLConnectionOperation.m in Sources */,
				887C9B1C189B5EDE008910C8 /* SWRevealViewController.m in Sources */,
				884B3A64189C8DE700CB00A6 /* AFHTTPSessionManager.m in Sources */,
				884B3A65189C8DE700CB00A6 /* AFNetworkReachabilityManager.m in Sources */,
				881337A0189D0331002EEA08 /* UIImage+Blur.m in Sources */,
				887C9AF5189B598A008910C8 /* IdeaNearbyViewController.m in Sources */,
				88133791189D01C8002EEA08 /* NZAlertView.m in Sources */,
				887C9AE9189B598A008910C8 /* AppDelegate.m in Sources */,
				88FF7855189CCE1F004366FA /* NewIdeaViewController.m in Sources */,
				8813378E189D01C8002EEA08 /* NZAlertViewColor.m in Sources */,
				884B3A38189C840100CB00A6 /* IdeaCategory.m in Sources */,
				887C9B2C189B667A008910C8 /* SidebarViewController.m in Sources */,
				881337A1189D0331002EEA08 /* UIImage+ImageWithColor.m in Sources */,
				884B3A66189C8DE700CB00A6 /* AFSecurityPolicy.m in Sources */,
				884B3A72189C9A9700CB00A6 /* UserManager.m in Sources */,
				887C9B15189B5AFA008910C8 /* UsersNearbyViewController.m in Sources */,
				884B3A32189C83AA00CB00A6 /* Idea.m in Sources */,
				887C9B18189B5D51008910C8 /* SettingsViewController.m in Sources */,
				884B3A63189C8DE700CB00A6 /* AFHTTPRequestOperationManager.m in Sources */,
				884B3A6F189C932C00CB00A6 /* JSONSerialization.m in Sources */,
				887C9AF2189B598A008910C8 /* IdeaViewController.m in Sources */,
				881337A2189D0331002EEA08 /* UIImage+Screenshot.m in Sources */,
				881337A5189D139F002EEA08 /* AlertHelper.m in Sources */,
				884B3A3B189C841000CB00A6 /* IdeaUser.m in Sources */,
				887C9AE5189B598A008910C8 /* main.m in Sources */,
				88FF785A189CDD4D004366FA /* IdeaManager.m in Sources */,
				881337B2189DC48C002EEA08 /* IdeaFountainViewCell.m in Sources */,
				881337AF189DC47B002EEA08 /* IdeaFountainViewController.m in Sources */,
				884B3A2E189B86B000CB00A6 /* ResizeModelViewSegue.m in Sources */,
				884B3A35189C83F700CB00A6 /* IdeaComment.m in Sources */,
				88FF7864189CECFF004366FA /* IdeaDetailViewController.m in Sources */,
				884B3A4B189C8C6000CB00A6 /* ServerAPI.m in Sources */,
				884B3A79189CA93700CB00A6 /* TestServerAPI.m in Sources */,
				884B3A48189C86E300CB00A6 /* GeoLocationManager.m in Sources */,
				884B3A68189C8DE700CB00A6 /* AFURLRequestSerialization.m in Sources */,
				884B3A62189C8DE700CB00A6 /* AFHTTPRequestOperation.m in Sources */,
				884B3A69189C8DE700CB00A6 /* AFURLResponseSerialization.m in Sources */,
				881337A8189D14F4002EEA08 /* IdeaNearbyTableViewCell.m in Sources */,
				881337B5189DC6C9002EEA08 /* IdeaFountainCollectionViewLayout.m in Sources */,
				884B3A2D189B86B000CB00A6 /* PopModalSegue.m in Sources */,
				88133780189CFE7C002EEA08 /* DejalActivityView.m in Sources */,
			);
			runOnlyForDeploymentPostprocessing = 0;
		};
		887C9AF8189B598A008910C8 /* Sources */ = {
			isa = PBXSourcesBuildPhase;
			buildActionMask = 2147483647;
			files = (
			);
			runOnlyForDeploymentPostprocessing = 0;
		};
/* End PBXSourcesBuildPhase section */

/* Begin PBXTargetDependency section */
		887C9B02189B598A008910C8 /* PBXTargetDependency */ = {
			isa = PBXTargetDependency;
			target = 887C9AD4189B5989008910C8 /* IdeaBook */;
			targetProxy = 887C9B01189B598A008910C8 /* PBXContainerItemProxy */;
		};
/* End PBXTargetDependency section */

/* Begin PBXVariantGroup section */
		887C9AE1189B598A008910C8 /* InfoPlist.strings */ = {
			isa = PBXVariantGroup;
			children = (
				887C9AE2189B598A008910C8 /* en */,
			);
			name = InfoPlist.strings;
			sourceTree = "<group>";
		};
		887C9AEA189B598A008910C8 /* Main.storyboard */ = {
			isa = PBXVariantGroup;
			children = (
				887C9AEB189B598A008910C8 /* Base */,
			);
			name = Main.storyboard;
			sourceTree = "<group>";
		};
/* End PBXVariantGroup section */

/* Begin XCBuildConfiguration section */
		887C9B0B189B598A008910C8 /* Debug */ = {
			isa = XCBuildConfiguration;
			buildSettings = {
				ALWAYS_SEARCH_USER_PATHS = NO;
				ARCHS = "$(ARCHS_STANDARD_INCLUDING_64_BIT)";
				CLANG_CXX_LANGUAGE_STANDARD = "gnu++0x";
				CLANG_CXX_LIBRARY = "libc++";
				CLANG_ENABLE_MODULES = YES;
				CLANG_ENABLE_OBJC_ARC = YES;
				CLANG_WARN_BOOL_CONVERSION = YES;
				CLANG_WARN_CONSTANT_CONVERSION = YES;
				CLANG_WARN_DIRECT_OBJC_ISA_USAGE = YES_ERROR;
				CLANG_WARN_EMPTY_BODY = YES;
				CLANG_WARN_ENUM_CONVERSION = YES;
				CLANG_WARN_INT_CONVERSION = YES;
				CLANG_WARN_OBJC_ROOT_CLASS = YES_ERROR;
				CLANG_WARN__DUPLICATE_METHOD_MATCH = YES;
				"CODE_SIGN_IDENTITY[sdk=iphoneos*]" = "iPhone Developer";
				COPY_PHASE_STRIP = NO;
				GCC_C_LANGUAGE_STANDARD = gnu99;
				GCC_DYNAMIC_NO_PIC = NO;
				GCC_OPTIMIZATION_LEVEL = 0;
				GCC_PREPROCESSOR_DEFINITIONS = (
					"DEBUG=1",
					"$(inherited)",
				);
				GCC_SYMBOLS_PRIVATE_EXTERN = NO;
				GCC_WARN_64_TO_32_BIT_CONVERSION = YES;
				GCC_WARN_ABOUT_RETURN_TYPE = YES_ERROR;
				GCC_WARN_UNDECLARED_SELECTOR = YES;
				GCC_WARN_UNINITIALIZED_AUTOS = YES;
				GCC_WARN_UNUSED_FUNCTION = YES;
				GCC_WARN_UNUSED_VARIABLE = YES;
				IPHONEOS_DEPLOYMENT_TARGET = 7.0;
				ONLY_ACTIVE_ARCH = YES;
				SDKROOT = iphoneos;
				TARGETED_DEVICE_FAMILY = "1,2";
			};
			name = Debug;
		};
		887C9B0C189B598A008910C8 /* Release */ = {
			isa = XCBuildConfiguration;
			buildSettings = {
				ALWAYS_SEARCH_USER_PATHS = NO;
				ARCHS = "$(ARCHS_STANDARD_INCLUDING_64_BIT)";
				CLANG_CXX_LANGUAGE_STANDARD = "gnu++0x";
				CLANG_CXX_LIBRARY = "libc++";
				CLANG_ENABLE_MODULES = YES;
				CLANG_ENABLE_OBJC_ARC = YES;
				CLANG_WARN_BOOL_CONVERSION = YES;
				CLANG_WARN_CONSTANT_CONVERSION = YES;
				CLANG_WARN_DIRECT_OBJC_ISA_USAGE = YES_ERROR;
				CLANG_WARN_EMPTY_BODY = YES;
				CLANG_WARN_ENUM_CONVERSION = YES;
				CLANG_WARN_INT_CONVERSION = YES;
				CLANG_WARN_OBJC_ROOT_CLASS = YES_ERROR;
				CLANG_WARN__DUPLICATE_METHOD_MATCH = YES;
				"CODE_SIGN_IDENTITY[sdk=iphoneos*]" = "iPhone Developer";
				COPY_PHASE_STRIP = YES;
				ENABLE_NS_ASSERTIONS = NO;
				GCC_C_LANGUAGE_STANDARD = gnu99;
				GCC_WARN_64_TO_32_BIT_CONVERSION = YES;
				GCC_WARN_ABOUT_RETURN_TYPE = YES_ERROR;
				GCC_WARN_UNDECLARED_SELECTOR = YES;
				GCC_WARN_UNINITIALIZED_AUTOS = YES;
				GCC_WARN_UNUSED_FUNCTION = YES;
				GCC_WARN_UNUSED_VARIABLE = YES;
				IPHONEOS_DEPLOYMENT_TARGET = 7.0;
				SDKROOT = iphoneos;
				TARGETED_DEVICE_FAMILY = "1,2";
				VALIDATE_PRODUCT = YES;
			};
			name = Release;
		};
		887C9B0E189B598A008910C8 /* Debug */ = {
			isa = XCBuildConfiguration;
			buildSettings = {
				ASSETCATALOG_COMPILER_APPICON_NAME = AppIcon;
				CODE_SIGN_IDENTITY = "iPhone Developer: Ruiwei Bu (9L4ENBJ447)";
				GCC_PRECOMPILE_PREFIX_HEADER = YES;
				GCC_PREFIX_HEADER = "IdeaBook/IdeaBook-Prefix.pch";
				INFOPLIST_FILE = "IdeaBook/IdeaBook-Info.plist";
				IPHONEOS_DEPLOYMENT_TARGET = 7.0;
				PRODUCT_NAME = "$(TARGET_NAME)";
				PROVISIONING_PROFILE = "CEA68111-2C34-4AD0-ADDA-355DD1AAC06C";
				TARGETED_DEVICE_FAMILY = 1;
				WRAPPER_EXTENSION = app;
			};
			name = Debug;
		};
		887C9B0F189B598A008910C8 /* Release */ = {
			isa = XCBuildConfiguration;
			buildSettings = {
				ASSETCATALOG_COMPILER_APPICON_NAME = AppIcon;
				CODE_SIGN_IDENTITY = "iPhone Developer: Ruiwei Bu (9L4ENBJ447)";
				GCC_PRECOMPILE_PREFIX_HEADER = YES;
				GCC_PREFIX_HEADER = "IdeaBook/IdeaBook-Prefix.pch";
				INFOPLIST_FILE = "IdeaBook/IdeaBook-Info.plist";
				IPHONEOS_DEPLOYMENT_TARGET = 7.0;
				PRODUCT_NAME = "$(TARGET_NAME)";
				PROVISIONING_PROFILE = "CEA68111-2C34-4AD0-ADDA-355DD1AAC06C";
				TARGETED_DEVICE_FAMILY = 1;
				WRAPPER_EXTENSION = app;
			};
			name = Release;
		};
		887C9B11189B598A008910C8 /* Debug */ = {
			isa = XCBuildConfiguration;
			buildSettings = {
				ARCHS = "$(ARCHS_STANDARD_INCLUDING_64_BIT)";
				BUNDLE_LOADER = "$(BUILT_PRODUCTS_DIR)/IdeaBook.app/IdeaBook";
				FRAMEWORK_SEARCH_PATHS = (
					"$(SDKROOT)/Developer/Library/Frameworks",
					"$(inherited)",
					"$(DEVELOPER_FRAMEWORKS_DIR)",
				);
				GCC_PRECOMPILE_PREFIX_HEADER = YES;
				GCC_PREFIX_HEADER = "IdeaBook/IdeaBook-Prefix.pch";
				GCC_PREPROCESSOR_DEFINITIONS = (
					"DEBUG=1",
					"$(inherited)",
				);
				INFOPLIST_FILE = "IdeaBookTests/IdeaBookTests-Info.plist";
				PRODUCT_NAME = "$(TARGET_NAME)";
				TEST_HOST = "$(BUNDLE_LOADER)";
				WRAPPER_EXTENSION = xctest;
			};
			name = Debug;
		};
		887C9B12189B598A008910C8 /* Release */ = {
			isa = XCBuildConfiguration;
			buildSettings = {
				ARCHS = "$(ARCHS_STANDARD_INCLUDING_64_BIT)";
				BUNDLE_LOADER = "$(BUILT_PRODUCTS_DIR)/IdeaBook.app/IdeaBook";
				FRAMEWORK_SEARCH_PATHS = (
					"$(SDKROOT)/Developer/Library/Frameworks",
					"$(inherited)",
					"$(DEVELOPER_FRAMEWORKS_DIR)",
				);
				GCC_PRECOMPILE_PREFIX_HEADER = YES;
				GCC_PREFIX_HEADER = "IdeaBook/IdeaBook-Prefix.pch";
				INFOPLIST_FILE = "IdeaBookTests/IdeaBookTests-Info.plist";
				PRODUCT_NAME = "$(TARGET_NAME)";
				TEST_HOST = "$(BUNDLE_LOADER)";
				WRAPPER_EXTENSION = xctest;
			};
			name = Release;
		};
/* End XCBuildConfiguration section */

/* Begin XCConfigurationList section */
		887C9AD0189B5989008910C8 /* Build configuration list for PBXProject "IdeaBook" */ = {
			isa = XCConfigurationList;
			buildConfigurations = (
				887C9B0B189B598A008910C8 /* Debug */,
				887C9B0C189B598A008910C8 /* Release */,
			);
			defaultConfigurationIsVisible = 0;
			defaultConfigurationName = Release;
		};
		887C9B0D189B598A008910C8 /* Build configuration list for PBXNativeTarget "IdeaBook" */ = {
			isa = XCConfigurationList;
			buildConfigurations = (
				887C9B0E189B598A008910C8 /* Debug */,
				887C9B0F189B598A008910C8 /* Release */,
			);
			defaultConfigurationIsVisible = 0;
			defaultConfigurationName = Release;
		};
		887C9B10189B598A008910C8 /* Build configuration list for PBXNativeTarget "IdeaBookTests" */ = {
			isa = XCConfigurationList;
			buildConfigurations = (
				887C9B11189B598A008910C8 /* Debug */,
				887C9B12189B598A008910C8 /* Release */,
			);
			defaultConfigurationIsVisible = 0;
			defaultConfigurationName = Release;
		};
/* End XCConfigurationList section */
	};
	rootObject = 887C9ACD189B5989008910C8 /* Project object */;
}
