// !$*UTF8*$!
{
	archiveVersion = 1;
	classes = {
	};
	objectVersion = 46;
	objects = {

/* Begin PBXBuildFile section */
		8855286A189B7A6A00A6DE78 /* Storyboard.storyboard in Resources */ = {isa = PBXBuildFile; fileRef = 88552869189B7A6A00A6DE78 /* Storyboard.storyboard */; };
		887C9AD9189B598A008910C8 /* Foundation.framework in Frameworks */ = {isa = PBXBuildFile; fileRef = 887C9AD8189B598A008910C8 /* Foundation.framework */; };
		887C9ADB189B598A008910C8 /* CoreGraphics.framework in Frameworks */ = {isa = PBXBuildFile; fileRef = 887C9ADA189B598A008910C8 /* CoreGraphics.framework */; };
		887C9ADD189B598A008910C8 /* UIKit.framework in Frameworks */ = {isa = PBXBuildFile; fileRef = 887C9ADC189B598A008910C8 /* UIKit.framework */; };
		887C9AE3189B598A008910C8 /* InfoPlist.strings in Resources */ = {isa = PBXBuildFile; fileRef = 887C9AE1189B598A008910C8 /* InfoPlist.strings */; };
		887C9AE5189B598A008910C8 /* main.m in Sources */ = {isa = PBXBuildFile; fileRef = 887C9AE4189B598A008910C8 /* main.m */; };
		887C9AE9189B598A008910C8 /* AppDelegate.m in Sources */ = {isa = PBXBuildFile; fileRef = 887C9AE8189B598A008910C8 /* AppDelegate.m */; };
		887C9AEC189B598A008910C8 /* Main.storyboard in Resources */ = {isa = PBXBuildFile; fileRef = 887C9AEA189B598A008910C8 /* Main.storyboard */; };
		887C9AF2189B598A008910C8 /* IdeaViewController.m in Sources */ = {isa = PBXBuildFile; fileRef = 887C9AF1189B598A008910C8 /* IdeaViewController.m */; };
		887C9AF5189B598A008910C8 /* IdeaNearbyViewController.m in Sources */ = {isa = PBXBuildFile; fileRef = 887C9AF4189B598A008910C8 /* IdeaNearbyViewController.m */; };
		887C9AF7189B598A008910C8 /* Images.xcassets in Resources */ = {isa = PBXBuildFile; fileRef = 887C9AF6189B598A008910C8 /* Images.xcassets */; };
		887C9AFE189B598A008910C8 /* XCTest.framework in Frameworks */ = {isa = PBXBuildFile; fileRef = 887C9AFD189B598A008910C8 /* XCTest.framework */; };
		887C9AFF189B598A008910C8 /* Foundation.framework in Frameworks */ = {isa = PBXBuildFile; fileRef = 887C9AD8189B598A008910C8 /* Foundation.framework */; };
		887C9B00189B598A008910C8 /* UIKit.framework in Frameworks */ = {isa = PBXBuildFile; fileRef = 887C9ADC189B598A008910C8 /* UIKit.framework */; };
		887C9B15189B5AFA008910C8 /* UsersNearbyViewController.m in Sources */ = {isa = PBXBuildFile; fileRef = 887C9B14189B5AFA008910C8 /* UsersNearbyViewController.m */; };
		887C9B18189B5D51008910C8 /* SettingsViewController.m in Sources */ = {isa = PBXBuildFile; fileRef = 887C9B17189B5D51008910C8 /* SettingsViewController.m */; };
		887C9B1C189B5EDE008910C8 /* SWRevealViewController.m in Sources */ = {isa = PBXBuildFile; fileRef = 887C9B1B189B5EDE008910C8 /* SWRevealViewController.m */; };
		887C9B26189B652E008910C8 /* bookmark.png in Resources */ = {isa = PBXBuildFile; fileRef = 887C9B22189B652E008910C8 /* bookmark.png */; };
		887C9B27189B652E008910C8 /* comments.png in Resources */ = {isa = PBXBuildFile; fileRef = 887C9B23189B652E008910C8 /* comments.png */; };
		887C9B28189B652E008910C8 /* menu.png in Resources */ = {isa = PBXBuildFile; fileRef = 887C9B24189B652E008910C8 /* menu.png */; };
		887C9B29189B652E008910C8 /* menu@2x.png in Resources */ = {isa = PBXBuildFile; fileRef = 887C9B25189B652E008910C8 /* menu@2x.png */; };
		887C9B2C189B667A008910C8 /* SidebarViewController.m in Sources */ = {isa = PBXBuildFile; fileRef = 887C9B2B189B667A008910C8 /* SidebarViewController.m */; };
/* End PBXBuildFile section */

/* Begin PBXContainerItemProxy section */
		887C9B01189B598A008910C8 /* PBXContainerItemProxy */ = {
			isa = PBXContainerItemProxy;
			containerPortal = 887C9ACD189B5989008910C8 /* Project object */;
			proxyType = 1;
			remoteGlobalIDString = 887C9AD4189B5989008910C8;
			remoteInfo = IdeaBook;
		};
/* End PBXContainerItemProxy section */

/* Begin PBXFileReference section */
		88552869189B7A6A00A6DE78 /* Storyboard.storyboard */ = {isa = PBXFileReference; fileEncoding = 4; lastKnownFileType = file.storyboard; path = Storyboard.storyboard; sourceTree = "<group>"; };
		887C9AD5189B5989008910C8 /* IdeaBook.app */ = {isa = PBXFileReference; explicitFileType = wrapper.application; includeInIndex = 0; path = IdeaBook.app; sourceTree = BUILT_PRODUCTS_DIR; };
		887C9AD8189B598A008910C8 /* Foundation.framework */ = {isa = PBXFileReference; lastKnownFileType = wrapper.framework; name = Foundation.framework; path = System/Library/Frameworks/Foundation.framework; sourceTree = SDKROOT; };
		887C9ADA189B598A008910C8 /* CoreGraphics.framework */ = {isa = PBXFileReference; lastKnownFileType = wrapper.framework; name = CoreGraphics.framework; path = System/Library/Frameworks/CoreGraphics.framework; sourceTree = SDKROOT; };
		887C9ADC189B598A008910C8 /* UIKit.framework */ = {isa = PBXFileReference; lastKnownFileType = wrapper.framework; name = UIKit.framework; path = System/Library/Frameworks/UIKit.framework; sourceTree = SDKROOT; };
		887C9AE0189B598A008910C8 /* IdeaBook-Info.plist */ = {isa = PBXFileReference; lastKnownFileType = text.plist.xml; path = "IdeaBook-Info.plist"; sourceTree = "<group>"; };
		887C9AE2189B598A008910C8 /* en */ = {isa = PBXFileReference; lastKnownFileType = text.plist.strings; name = en; path = en.lproj/InfoPlist.strings; sourceTree = "<group>"; };
		887C9AE4189B598A008910C8 /* main.m */ = {isa = PBXFileReference; lastKnownFileType = sourcecode.c.objc; path = main.m; sourceTree = "<group>"; };
		887C9AE6189B598A008910C8 /* IdeaBook-Prefix.pch */ = {isa = PBXFileReference; lastKnownFileType = sourcecode.c.h; path = "IdeaBook-Prefix.pch"; sourceTree = "<group>"; };
		887C9AE7189B598A008910C8 /* AppDelegate.h */ = {isa = PBXFileReference; lastKnownFileType = sourcecode.c.h; path = AppDelegate.h; sourceTree = "<group>"; };
		887C9AE8189B598A008910C8 /* AppDelegate.m */ = {isa = PBXFileReference; lastKnownFileType = sourcecode.c.objc; path = AppDelegate.m; sourceTree = "<group>"; };
		887C9AEB189B598A008910C8 /* Base */ = {isa = PBXFileReference; lastKnownFileType = file.storyboard; name = Base; path = Base.lproj/Main.storyboard; sourceTree = "<group>"; };
		887C9AF0189B598A008910C8 /* IdeaViewController.h */ = {isa = PBXFileReference; lastKnownFileType = sourcecode.c.h; path = IdeaViewController.h; sourceTree = "<group>"; };
		887C9AF1189B598A008910C8 /* IdeaViewController.m */ = {isa = PBXFileReference; lastKnownFileType = sourcecode.c.objc; path = IdeaViewController.m; sourceTree = "<group>"; };
		887C9AF3189B598A008910C8 /* IdeaNearbyViewController.h */ = {isa = PBXFileReference; lastKnownFileType = sourcecode.c.h; path = IdeaNearbyViewController.h; sourceTree = "<group>"; };
		887C9AF4189B598A008910C8 /* IdeaNearbyViewController.m */ = {isa = PBXFileReference; lastKnownFileType = sourcecode.c.objc; path = IdeaNearbyViewController.m; sourceTree = "<group>"; };
		887C9AF6189B598A008910C8 /* Images.xcassets */ = {isa = PBXFileReference; lastKnownFileType = folder.assetcatalog; path = Images.xcassets; sourceTree = "<group>"; };
		887C9AFC189B598A008910C8 /* IdeaBookTests.xctest */ = {isa = PBXFileReference; explicitFileType = wrapper.cfbundle; includeInIndex = 0; path = IdeaBookTests.xctest; sourceTree = BUILT_PRODUCTS_DIR; };
		887C9AFD189B598A008910C8 /* XCTest.framework */ = {isa = PBXFileReference; lastKnownFileType = wrapper.framework; name = XCTest.framework; path = Library/Frameworks/XCTest.framework; sourceTree = DEVELOPER_DIR; };
		887C9B13189B5AFA008910C8 /* UsersNearbyViewController.h */ = {isa = PBXFileReference; fileEncoding = 4; lastKnownFileType = sourcecode.c.h; path = UsersNearbyViewController.h; sourceTree = "<group>"; };
		887C9B14189B5AFA008910C8 /* UsersNearbyViewController.m */ = {isa = PBXFileReference; fileEncoding = 4; lastKnownFileType = sourcecode.c.objc; path = UsersNearbyViewController.m; sourceTree = "<group>"; };
		887C9B16189B5D51008910C8 /* SettingsViewController.h */ = {isa = PBXFileReference; fileEncoding = 4; lastKnownFileType = sourcecode.c.h; path = SettingsViewController.h; sourceTree = "<group>"; };
		887C9B17189B5D51008910C8 /* SettingsViewController.m */ = {isa = PBXFileReference; fileEncoding = 4; lastKnownFileType = sourcecode.c.objc; path = SettingsViewController.m; sourceTree = "<group>"; };
		887C9B1A189B5EDE008910C8 /* SWRevealViewController.h */ = {isa = PBXFileReference; fileEncoding = 4; lastKnownFileType = sourcecode.c.h; path = SWRevealViewController.h; sourceTree = "<group>"; };
		887C9B1B189B5EDE008910C8 /* SWRevealViewController.m */ = {isa = PBXFileReference; fileEncoding = 4; lastKnownFileType = sourcecode.c.objc; path = SWRevealViewController.m; sourceTree = "<group>"; };
		887C9B22189B652E008910C8 /* bookmark.png */ = {isa = PBXFileReference; lastKnownFileType = image.png; path = bookmark.png; sourceTree = "<group>"; };
		887C9B23189B652E008910C8 /* comments.png */ = {isa = PBXFileReference; lastKnownFileType = image.png; path = comments.png; sourceTree = "<group>"; };
		887C9B24189B652E008910C8 /* menu.png */ = {isa = PBXFileReference; lastKnownFileType = image.png; path = menu.png; sourceTree = "<group>"; };
		887C9B25189B652E008910C8 /* menu@2x.png */ = {isa = PBXFileReference; lastKnownFileType = image.png; path = "menu@2x.png"; sourceTree = "<group>"; };
		887C9B2A189B667A008910C8 /* SidebarViewController.h */ = {isa = PBXFileReference; fileEncoding = 4; lastKnownFileType = sourcecode.c.h; path = SidebarViewController.h; sourceTree = "<group>"; };
		887C9B2B189B667A008910C8 /* SidebarViewController.m */ = {isa = PBXFileReference; fileEncoding = 4; lastKnownFileType = sourcecode.c.objc; path = SidebarViewController.m; sourceTree = "<group>"; };
/* End PBXFileReference section */

/* Begin PBXFrameworksBuildPhase section */
		887C9AD2189B5989008910C8 /* Frameworks */ = {
			isa = PBXFrameworksBuildPhase;
			buildActionMask = 2147483647;
			files = (
				887C9ADB189B598A008910C8 /* CoreGraphics.framework in Frameworks */,
				887C9ADD189B598A008910C8 /* UIKit.framework in Frameworks */,
				887C9AD9189B598A008910C8 /* Foundation.framework in Frameworks */,
			);
			runOnlyForDeploymentPostprocessing = 0;
		};
		887C9AF9189B598A008910C8 /* Frameworks */ = {
			isa = PBXFrameworksBuildPhase;
			buildActionMask = 2147483647;
			files = (
				887C9AFE189B598A008910C8 /* XCTest.framework in Frameworks */,
				887C9B00189B598A008910C8 /* UIKit.framework in Frameworks */,
				887C9AFF189B598A008910C8 /* Foundation.framework in Frameworks */,
			);
			runOnlyForDeploymentPostprocessing = 0;
		};
/* End PBXFrameworksBuildPhase section */

/* Begin PBXGroup section */
		887C9ACC189B5989008910C8 = {
			isa = PBXGroup;
			children = (
				887C9ADE189B598A008910C8 /* IdeaBook */,
				887C9AD7189B5989008910C8 /* Frameworks */,
				887C9AD6189B5989008910C8 /* Products */,
			);
			sourceTree = "<group>";
		};
		887C9AD6189B5989008910C8 /* Products */ = {
			isa = PBXGroup;
			children = (
				887C9AD5189B5989008910C8 /* IdeaBook.app */,
				887C9AFC189B598A008910C8 /* IdeaBookTests.xctest */,
			);
			name = Products;
			sourceTree = "<group>";
		};
		887C9AD7189B5989008910C8 /* Frameworks */ = {
			isa = PBXGroup;
			children = (
				887C9AD8189B598A008910C8 /* Foundation.framework */,
				887C9ADA189B598A008910C8 /* CoreGraphics.framework */,
				887C9ADC189B598A008910C8 /* UIKit.framework */,
				887C9AFD189B598A008910C8 /* XCTest.framework */,
			);
			name = Frameworks;
			sourceTree = "<group>";
		};
		887C9ADE189B598A008910C8 /* IdeaBook */ = {
			isa = PBXGroup;
			children = (
				887C9B19189B5EDE008910C8 /* SWRevealViewController */,
				887C9AE7189B598A008910C8 /* AppDelegate.h */,
				887C9AE8189B598A008910C8 /* AppDelegate.m */,
				887C9AEA189B598A008910C8 /* Main.storyboard */,
				88552869189B7A6A00A6DE78 /* Storyboard.storyboard */,
				887C9AF0189B598A008910C8 /* IdeaViewController.h */,
				887C9AF1189B598A008910C8 /* IdeaViewController.m */,
				887C9AF3189B598A008910C8 /* IdeaNearbyViewController.h */,
				887C9AF4189B598A008910C8 /* IdeaNearbyViewController.m */,
				887C9B13189B5AFA008910C8 /* UsersNearbyViewController.h */,
				887C9B14189B5AFA008910C8 /* UsersNearbyViewController.m */,
				887C9AF6189B598A008910C8 /* Images.xcassets */,
				887C9ADF189B598A008910C8 /* Supporting Files */,
				887C9B16189B5D51008910C8 /* SettingsViewController.h */,
				887C9B17189B5D51008910C8 /* SettingsViewController.m */,
				887C9B2A189B667A008910C8 /* SidebarViewController.h */,
				887C9B2B189B667A008910C8 /* SidebarViewController.m */,
			);
			path = IdeaBook;
			sourceTree = "<group>";
		};
		887C9ADF189B598A008910C8 /* Supporting Files */ = {
			isa = PBXGroup;
			children = (
				887C9B21189B652E008910C8 /* Images */,
				887C9AE0189B598A008910C8 /* IdeaBook-Info.plist */,
				887C9AE1189B598A008910C8 /* InfoPlist.strings */,
				887C9AE4189B598A008910C8 /* main.m */,
				887C9AE6189B598A008910C8 /* IdeaBook-Prefix.pch */,
			);
			name = "Supporting Files";
			sourceTree = "<group>";
		};
		887C9B19189B5EDE008910C8 /* SWRevealViewController */ = {
			isa = PBXGroup;
			children = (
				887C9B1A189B5EDE008910C8 /* SWRevealViewController.h */,
				887C9B1B189B5EDE008910C8 /* SWRevealViewController.m */,
			);
			path = SWRevealViewController;
			sourceTree = "<group>";
		};
		887C9B21189B652E008910C8 /* Images */ = {
			isa = PBXGroup;
			children = (
				887C9B22189B652E008910C8 /* bookmark.png */,
				887C9B23189B652E008910C8 /* comments.png */,
				887C9B24189B652E008910C8 /* menu.png */,
				887C9B25189B652E008910C8 /* menu@2x.png */,
			);
			path = Images;
			sourceTree = "<group>";
		};
/* End PBXGroup section */

/* Begin PBXNativeTarget section */
		887C9AD4189B5989008910C8 /* IdeaBook */ = {
			isa = PBXNativeTarget;
			buildConfigurationList = 887C9B0D189B598A008910C8 /* Build configuration list for PBXNativeTarget "IdeaBook" */;
			buildPhases = (
				887C9AD1189B5989008910C8 /* Sources */,
				887C9AD2189B5989008910C8 /* Frameworks */,
				887C9AD3189B5989008910C8 /* Resources */,
			);
			buildRules = (
			);
			dependencies = (
			);
			name = IdeaBook;
			productName = IdeaBook;
			productReference = 887C9AD5189B5989008910C8 /* IdeaBook.app */;
			productType = "com.apple.product-type.application";
		};
		887C9AFB189B598A008910C8 /* IdeaBookTests */ = {
			isa = PBXNativeTarget;
			buildConfigurationList = 887C9B10189B598A008910C8 /* Build configuration list for PBXNativeTarget "IdeaBookTests" */;
			buildPhases = (
				887C9AF8189B598A008910C8 /* Sources */,
				887C9AF9189B598A008910C8 /* Frameworks */,
				887C9AFA189B598A008910C8 /* Resources */,
			);
			buildRules = (
			);
			dependencies = (
				887C9B02189B598A008910C8 /* PBXTargetDependency */,
			);
			name = IdeaBookTests;
			productName = IdeaBookTests;
			productReference = 887C9AFC189B598A008910C8 /* IdeaBookTests.xctest */;
			productType = "com.apple.product-type.bundle.unit-test";
		};
/* End PBXNativeTarget section */

/* Begin PBXProject section */
		887C9ACD189B5989008910C8 /* Project object */ = {
			isa = PBXProject;
			attributes = {
				LastUpgradeCheck = 0500;
				ORGANIZATIONNAME = "Robert Bu";
				TargetAttributes = {
					887C9AFB189B598A008910C8 = {
						TestTargetID = 887C9AD4189B5989008910C8;
					};
				};
			};
			buildConfigurationList = 887C9AD0189B5989008910C8 /* Build configuration list for PBXProject "IdeaBook" */;
			compatibilityVersion = "Xcode 3.2";
			developmentRegion = English;
			hasScannedForEncodings = 0;
			knownRegions = (
				en,
				Base,
			);
			mainGroup = 887C9ACC189B5989008910C8;
			productRefGroup = 887C9AD6189B5989008910C8 /* Products */;
			projectDirPath = "";
			projectRoot = "";
			targets = (
				887C9AD4189B5989008910C8 /* IdeaBook */,
				887C9AFB189B598A008910C8 /* IdeaBookTests */,
			);
		};
/* End PBXProject section */

/* Begin PBXResourcesBuildPhase section */
		887C9AD3189B5989008910C8 /* Resources */ = {
			isa = PBXResourcesBuildPhase;
			buildActionMask = 2147483647;
			files = (
				887C9AF7189B598A008910C8 /* Images.xcassets in Resources */,
				887C9B26189B652E008910C8 /* bookmark.png in Resources */,
				887C9B27189B652E008910C8 /* comments.png in Resources */,
				887C9B28189B652E008910C8 /* menu.png in Resources */,
				887C9B29189B652E008910C8 /* menu@2x.png in Resources */,
				8855286A189B7A6A00A6DE78 /* Storyboard.storyboard in Resources */,
				887C9AEC189B598A008910C8 /* Main.storyboard in Resources */,
				887C9AE3189B598A008910C8 /* InfoPlist.strings in Resources */,
			);
			runOnlyForDeploymentPostprocessing = 0;
		};
		887C9AFA189B598A008910C8 /* Resources */ = {
			isa = PBXResourcesBuildPhase;
			buildActionMask = 2147483647;
			files = (
			);
			runOnlyForDeploymentPostprocessing = 0;
		};
/* End PBXResourcesBuildPhase section */

/* Begin PBXSourcesBuildPhase section */
		887C9AD1189B5989008910C8 /* Sources */ = {
			isa = PBXSourcesBuildPhase;
			buildActionMask = 2147483647;
			files = (
				887C9B1C189B5EDE008910C8 /* SWRevealViewController.m in Sources */,
				887C9AF5189B598A008910C8 /* IdeaNearbyViewController.m in Sources */,
				887C9AE9189B598A008910C8 /* AppDelegate.m in Sources */,
				887C9B2C189B667A008910C8 /* SidebarViewController.m in Sources */,
				887C9B15189B5AFA008910C8 /* UsersNearbyViewController.m in Sources */,
				887C9B18189B5D51008910C8 /* SettingsViewController.m in Sources */,
				887C9AF2189B598A008910C8 /* IdeaViewController.m in Sources */,
				887C9AE5189B598A008910C8 /* main.m in Sources */,
			);
			runOnlyForDeploymentPostprocessing = 0;
		};
		887C9AF8189B598A008910C8 /* Sources */ = {
			isa = PBXSourcesBuildPhase;
			buildActionMask = 2147483647;
			files = (
			);
			runOnlyForDeploymentPostprocessing = 0;
		};
/* End PBXSourcesBuildPhase section */

/* Begin PBXTargetDependency section */
		887C9B02189B598A008910C8 /* PBXTargetDependency */ = {
			isa = PBXTargetDependency;
			target = 887C9AD4189B5989008910C8 /* IdeaBook */;
			targetProxy = 887C9B01189B598A008910C8 /* PBXContainerItemProxy */;
		};
/* End PBXTargetDependency section */

/* Begin PBXVariantGroup section */
		887C9AE1189B598A008910C8 /* InfoPlist.strings */ = {
			isa = PBXVariantGroup;
			children = (
				887C9AE2189B598A008910C8 /* en */,
			);
			name = InfoPlist.strings;
			sourceTree = "<group>";
		};
		887C9AEA189B598A008910C8 /* Main.storyboard */ = {
			isa = PBXVariantGroup;
			children = (
				887C9AEB189B598A008910C8 /* Base */,
			);
			name = Main.storyboard;
			sourceTree = "<group>";
		};
/* End PBXVariantGroup section */

/* Begin XCBuildConfiguration section */
		887C9B0B189B598A008910C8 /* Debug */ = {
			isa = XCBuildConfiguration;
			buildSettings = {
				ALWAYS_SEARCH_USER_PATHS = NO;
				ARCHS = "$(ARCHS_STANDARD_INCLUDING_64_BIT)";
				CLANG_CXX_LANGUAGE_STANDARD = "gnu++0x";
				CLANG_CXX_LIBRARY = "libc++";
				CLANG_ENABLE_MODULES = YES;
				CLANG_ENABLE_OBJC_ARC = YES;
				CLANG_WARN_BOOL_CONVERSION = YES;
				CLANG_WARN_CONSTANT_CONVERSION = YES;
				CLANG_WARN_DIRECT_OBJC_ISA_USAGE = YES_ERROR;
				CLANG_WARN_EMPTY_BODY = YES;
				CLANG_WARN_ENUM_CONVERSION = YES;
				CLANG_WARN_INT_CONVERSION = YES;
				CLANG_WARN_OBJC_ROOT_CLASS = YES_ERROR;
				CLANG_WARN__DUPLICATE_METHOD_MATCH = YES;
				"CODE_SIGN_IDENTITY[sdk=iphoneos*]" = "iPhone Developer";
				COPY_PHASE_STRIP = NO;
				GCC_C_LANGUAGE_STANDARD = gnu99;
				GCC_DYNAMIC_NO_PIC = NO;
				GCC_OPTIMIZATION_LEVEL = 0;
				GCC_PREPROCESSOR_DEFINITIONS = (
					"DEBUG=1",
					"$(inherited)",
				);
				GCC_SYMBOLS_PRIVATE_EXTERN = NO;
				GCC_WARN_64_TO_32_BIT_CONVERSION = YES;
				GCC_WARN_ABOUT_RETURN_TYPE = YES_ERROR;
				GCC_WARN_UNDECLARED_SELECTOR = YES;
				GCC_WARN_UNINITIALIZED_AUTOS = YES;
				GCC_WARN_UNUSED_FUNCTION = YES;
				GCC_WARN_UNUSED_VARIABLE = YES;
				IPHONEOS_DEPLOYMENT_TARGET = 7.0;
				ONLY_ACTIVE_ARCH = YES;
				SDKROOT = iphoneos;
				TARGETED_DEVICE_FAMILY = "1,2";
			};
			name = Debug;
		};
		887C9B0C189B598A008910C8 /* Release */ = {
			isa = XCBuildConfiguration;
			buildSettings = {
				ALWAYS_SEARCH_USER_PATHS = NO;
				ARCHS = "$(ARCHS_STANDARD_INCLUDING_64_BIT)";
				CLANG_CXX_LANGUAGE_STANDARD = "gnu++0x";
				CLANG_CXX_LIBRARY = "libc++";
				CLANG_ENABLE_MODULES = YES;
				CLANG_ENABLE_OBJC_ARC = YES;
				CLANG_WARN_BOOL_CONVERSION = YES;
				CLANG_WARN_CONSTANT_CONVERSION = YES;
				CLANG_WARN_DIRECT_OBJC_ISA_USAGE = YES_ERROR;
				CLANG_WARN_EMPTY_BODY = YES;
				CLANG_WARN_ENUM_CONVERSION = YES;
				CLANG_WARN_INT_CONVERSION = YES;
				CLANG_WARN_OBJC_ROOT_CLASS = YES_ERROR;
				CLANG_WARN__DUPLICATE_METHOD_MATCH = YES;
				"CODE_SIGN_IDENTITY[sdk=iphoneos*]" = "iPhone Developer";
				COPY_PHASE_STRIP = YES;
				ENABLE_NS_ASSERTIONS = NO;
				GCC_C_LANGUAGE_STANDARD = gnu99;
				GCC_WARN_64_TO_32_BIT_CONVERSION = YES;
				GCC_WARN_ABOUT_RETURN_TYPE = YES_ERROR;
				GCC_WARN_UNDECLARED_SELECTOR = YES;
				GCC_WARN_UNINITIALIZED_AUTOS = YES;
				GCC_WARN_UNUSED_FUNCTION = YES;
				GCC_WARN_UNUSED_VARIABLE = YES;
				IPHONEOS_DEPLOYMENT_TARGET = 7.0;
				SDKROOT = iphoneos;
				TARGETED_DEVICE_FAMILY = "1,2";
				VALIDATE_PRODUCT = YES;
			};
			name = Release;
		};
		887C9B0E189B598A008910C8 /* Debug */ = {
			isa = XCBuildConfiguration;
			buildSettings = {
				ASSETCATALOG_COMPILER_APPICON_NAME = AppIcon;
				ASSETCATALOG_COMPILER_LAUNCHIMAGE_NAME = LaunchImage;
				GCC_PRECOMPILE_PREFIX_HEADER = YES;
				GCC_PREFIX_HEADER = "IdeaBook/IdeaBook-Prefix.pch";
				INFOPLIST_FILE = "IdeaBook/IdeaBook-Info.plist";
				IPHONEOS_DEPLOYMENT_TARGET = 7.0;
				PRODUCT_NAME = "$(TARGET_NAME)";
				TARGETED_DEVICE_FAMILY = 1;
				WRAPPER_EXTENSION = app;
			};
			name = Debug;
		};
		887C9B0F189B598A008910C8 /* Release */ = {
			isa = XCBuildConfiguration;
			buildSettings = {
				ASSETCATALOG_COMPILER_APPICON_NAME = AppIcon;
				ASSETCATALOG_COMPILER_LAUNCHIMAGE_NAME = LaunchImage;
				GCC_PRECOMPILE_PREFIX_HEADER = YES;
				GCC_PREFIX_HEADER = "IdeaBook/IdeaBook-Prefix.pch";
				INFOPLIST_FILE = "IdeaBook/IdeaBook-Info.plist";
				IPHONEOS_DEPLOYMENT_TARGET = 7.0;
				PRODUCT_NAME = "$(TARGET_NAME)";
				TARGETED_DEVICE_FAMILY = 1;
				WRAPPER_EXTENSION = app;
			};
			name = Release;
		};
		887C9B11189B598A008910C8 /* Debug */ = {
			isa = XCBuildConfiguration;
			buildSettings = {
				ARCHS = "$(ARCHS_STANDARD_INCLUDING_64_BIT)";
				BUNDLE_LOADER = "$(BUILT_PRODUCTS_DIR)/IdeaBook.app/IdeaBook";
				FRAMEWORK_SEARCH_PATHS = (
					"$(SDKROOT)/Developer/Library/Frameworks",
					"$(inherited)",
					"$(DEVELOPER_FRAMEWORKS_DIR)",
				);
				GCC_PRECOMPILE_PREFIX_HEADER = YES;
				GCC_PREFIX_HEADER = "IdeaBook/IdeaBook-Prefix.pch";
				GCC_PREPROCESSOR_DEFINITIONS = (
					"DEBUG=1",
					"$(inherited)",
				);
				INFOPLIST_FILE = "IdeaBookTests/IdeaBookTests-Info.plist";
				PRODUCT_NAME = "$(TARGET_NAME)";
				TEST_HOST = "$(BUNDLE_LOADER)";
				WRAPPER_EXTENSION = xctest;
			};
			name = Debug;
		};
		887C9B12189B598A008910C8 /* Release */ = {
			isa = XCBuildConfiguration;
			buildSettings = {
				ARCHS = "$(ARCHS_STANDARD_INCLUDING_64_BIT)";
				BUNDLE_LOADER = "$(BUILT_PRODUCTS_DIR)/IdeaBook.app/IdeaBook";
				FRAMEWORK_SEARCH_PATHS = (
					"$(SDKROOT)/Developer/Library/Frameworks",
					"$(inherited)",
					"$(DEVELOPER_FRAMEWORKS_DIR)",
				);
				GCC_PRECOMPILE_PREFIX_HEADER = YES;
				GCC_PREFIX_HEADER = "IdeaBook/IdeaBook-Prefix.pch";
				INFOPLIST_FILE = "IdeaBookTests/IdeaBookTests-Info.plist";
				PRODUCT_NAME = "$(TARGET_NAME)";
				TEST_HOST = "$(BUNDLE_LOADER)";
				WRAPPER_EXTENSION = xctest;
			};
			name = Release;
		};
/* End XCBuildConfiguration section */

/* Begin XCConfigurationList section */
		887C9AD0189B5989008910C8 /* Build configuration list for PBXProject "IdeaBook" */ = {
			isa = XCConfigurationList;
			buildConfigurations = (
				887C9B0B189B598A008910C8 /* Debug */,
				887C9B0C189B598A008910C8 /* Release */,
			);
			defaultConfigurationIsVisible = 0;
			defaultConfigurationName = Release;
		};
		887C9B0D189B598A008910C8 /* Build configuration list for PBXNativeTarget "IdeaBook" */ = {
			isa = XCConfigurationList;
			buildConfigurations = (
				887C9B0E189B598A008910C8 /* Debug */,
				887C9B0F189B598A008910C8 /* Release */,
			);
			defaultConfigurationIsVisible = 0;
			defaultConfigurationName = Release;
		};
		887C9B10189B598A008910C8 /* Build configuration list for PBXNativeTarget "IdeaBookTests" */ = {
			isa = XCConfigurationList;
			buildConfigurations = (
				887C9B11189B598A008910C8 /* Debug */,
				887C9B12189B598A008910C8 /* Release */,
			);
			defaultConfigurationIsVisible = 0;
			defaultConfigurationName = Release;
		};
/* End XCConfigurationList section */
	};
	rootObject = 887C9ACD189B5989008910C8 /* Project object */;
}
